// !$*UTF8*$!
{
	archiveVersion = 1;
	classes = {
	};
	objectVersion = 46;
	objects = {

/* Begin PBXBuildFile section */
		1177769D1F23A758007183D0 /* AppDelegate.swift in Sources */ = {isa = PBXBuildFile; fileRef = 1177769C1F23A758007183D0 /* AppDelegate.swift */; };
		1177769F1F23A758007183D0 /* ViewController.swift in Sources */ = {isa = PBXBuildFile; fileRef = 1177769E1F23A758007183D0 /* ViewController.swift */; };
		117776A21F23A758007183D0 /* Main.storyboard in Resources */ = {isa = PBXBuildFile; fileRef = 117776A01F23A758007183D0 /* Main.storyboard */; };
		117776A41F23A758007183D0 /* Assets.xcassets in Resources */ = {isa = PBXBuildFile; fileRef = 117776A31F23A758007183D0 /* Assets.xcassets */; };
		117776A71F23A758007183D0 /* LaunchScreen.storyboard in Resources */ = {isa = PBXBuildFile; fileRef = 117776A51F23A758007183D0 /* LaunchScreen.storyboard */; };
		117777201F23AB7C007183D0 /* CoreMotion.framework in Frameworks */ = {isa = PBXBuildFile; fileRef = 1177771F1F23AB7C007183D0 /* CoreMotion.framework */; };
		117777221F23AB88007183D0 /* CFNetwork.framework in Frameworks */ = {isa = PBXBuildFile; fileRef = 117777211F23AB88007183D0 /* CFNetwork.framework */; };
		117777241F23AB8F007183D0 /* libc++.tbd in Frameworks */ = {isa = PBXBuildFile; fileRef = 117777231F23AB8F007183D0 /* libc++.tbd */; };
		117777261F23AB98007183D0 /* libz.tbd in Frameworks */ = {isa = PBXBuildFile; fileRef = 117777251F23AB98007183D0 /* libz.tbd */; };
		117777281F23ABA0007183D0 /* SystemConfiguration.framework in Frameworks */ = {isa = PBXBuildFile; fileRef = 117777271F23ABA0007183D0 /* SystemConfiguration.framework */; };
		1177772A1F23ABAB007183D0 /* CoreTelephony.framework in Frameworks */ = {isa = PBXBuildFile; fileRef = 117777291F23ABAB007183D0 /* CoreTelephony.framework */; };
		1177772C1F23ABB4007183D0 /* CoreGraphics.framework in Frameworks */ = {isa = PBXBuildFile; fileRef = 1177772B1F23ABB4007183D0 /* CoreGraphics.framework */; };
		1177772E1F23ABBC007183D0 /* CoreText.framework in Frameworks */ = {isa = PBXBuildFile; fileRef = 1177772D1F23ABBC007183D0 /* CoreText.framework */; };
		117777301F23ABC5007183D0 /* QuartzCore.framework in Frameworks */ = {isa = PBXBuildFile; fileRef = 1177772F1F23ABC5007183D0 /* QuartzCore.framework */; };
		117777321F23ABCD007183D0 /* UIKit.framework in Frameworks */ = {isa = PBXBuildFile; fileRef = 117777311F23ABCD007183D0 /* UIKit.framework */; };
		117777341F23ABD3007183D0 /* Foundation.framework in Frameworks */ = {isa = PBXBuildFile; fileRef = 117777331F23ABD3007183D0 /* Foundation.framework */; };
		11C8F2321F25D1660015C99B /* AlipaySDK.bundle in Resources */ = {isa = PBXBuildFile; fileRef = 11C8F1D41F25D1660015C99B /* AlipaySDK.bundle */; };
		11C8F2331F25D1660015C99B /* AlipaySDK.framework in Frameworks */ = {isa = PBXBuildFile; fileRef = 11C8F1D51F25D1660015C99B /* AlipaySDK.framework */; };
		11C8F2341F25D1660015C99B /* libcrypto.a in Frameworks */ = {isa = PBXBuildFile; fileRef = 11C8F1D61F25D1660015C99B /* libcrypto.a */; };
		11C8F2351F25D1660015C99B /* libssl.a in Frameworks */ = {isa = PBXBuildFile; fileRef = 11C8F1D71F25D1660015C99B /* libssl.a */; };
		11C8F2361F25D1660015C99B /* Order.m in Sources */ = {isa = PBXBuildFile; fileRef = 11C8F2251F25D1660015C99B /* Order.m */; };
		11C8F2371F25D1660015C99B /* base64.m in Sources */ = {isa = PBXBuildFile; fileRef = 11C8F2281F25D1660015C99B /* base64.m */; };
		11C8F2381F25D1660015C99B /* NSDataEx.m in Sources */ = {isa = PBXBuildFile; fileRef = 11C8F22B1F25D1660015C99B /* NSDataEx.m */; };
		11C8F2391F25D1660015C99B /* openssl_wrapper.m in Sources */ = {isa = PBXBuildFile; fileRef = 11C8F22D1F25D1660015C99B /* openssl_wrapper.m */; };
		11C8F23A1F25D1660015C99B /* RSADataSigner.m in Sources */ = {isa = PBXBuildFile; fileRef = 11C8F22F1F25D1660015C99B /* RSADataSigner.m */; };
		11C8F23B1F25D1660015C99B /* RSADataVerifier.m in Sources */ = {isa = PBXBuildFile; fileRef = 11C8F2311F25D1660015C99B /* RSADataVerifier.m */; };
/* End PBXBuildFile section */

/* Begin PBXFileReference section */
		117776991F23A758007183D0 /* alipay_Swift3_demo.app */ = {isa = PBXFileReference; explicitFileType = wrapper.application; includeInIndex = 0; path = alipay_Swift3_demo.app; sourceTree = BUILT_PRODUCTS_DIR; };
		1177769C1F23A758007183D0 /* AppDelegate.swift */ = {isa = PBXFileReference; lastKnownFileType = sourcecode.swift; path = AppDelegate.swift; sourceTree = "<group>"; };
		1177769E1F23A758007183D0 /* ViewController.swift */ = {isa = PBXFileReference; lastKnownFileType = sourcecode.swift; path = ViewController.swift; sourceTree = "<group>"; };
		117776A11F23A758007183D0 /* Base */ = {isa = PBXFileReference; lastKnownFileType = file.storyboard; name = Base; path = Base.lproj/Main.storyboard; sourceTree = "<group>"; };
		117776A31F23A758007183D0 /* Assets.xcassets */ = {isa = PBXFileReference; lastKnownFileType = folder.assetcatalog; path = Assets.xcassets; sourceTree = "<group>"; };
		117776A61F23A758007183D0 /* Base */ = {isa = PBXFileReference; lastKnownFileType = file.storyboard; name = Base; path = Base.lproj/LaunchScreen.storyboard; sourceTree = "<group>"; };
		117776A81F23A758007183D0 /* Info.plist */ = {isa = PBXFileReference; lastKnownFileType = text.plist.xml; path = Info.plist; sourceTree = "<group>"; };
		117776AE1F23A76B007183D0 /* alipay_Swift3_demo-Bridging-Header.h */ = {isa = PBXFileReference; lastKnownFileType = sourcecode.c.h; path = "alipay_Swift3_demo-Bridging-Header.h"; sourceTree = "<group>"; };
		1177771F1F23AB7C007183D0 /* CoreMotion.framework */ = {isa = PBXFileReference; lastKnownFileType = wrapper.framework; name = CoreMotion.framework; path = System/Library/Frameworks/CoreMotion.framework; sourceTree = SDKROOT; };
		117777211F23AB88007183D0 /* CFNetwork.framework */ = {isa = PBXFileReference; lastKnownFileType = wrapper.framework; name = CFNetwork.framework; path = System/Library/Frameworks/CFNetwork.framework; sourceTree = SDKROOT; };
		117777231F23AB8F007183D0 /* libc++.tbd */ = {isa = PBXFileReference; lastKnownFileType = "sourcecode.text-based-dylib-definition"; name = "libc++.tbd"; path = "usr/lib/libc++.tbd"; sourceTree = SDKROOT; };
		117777251F23AB98007183D0 /* libz.tbd */ = {isa = PBXFileReference; lastKnownFileType = "sourcecode.text-based-dylib-definition"; name = libz.tbd; path = usr/lib/libz.tbd; sourceTree = SDKROOT; };
		117777271F23ABA0007183D0 /* SystemConfiguration.framework */ = {isa = PBXFileReference; lastKnownFileType = wrapper.framework; name = SystemConfiguration.framework; path = System/Library/Frameworks/SystemConfiguration.framework; sourceTree = SDKROOT; };
		117777291F23ABAB007183D0 /* CoreTelephony.framework */ = {isa = PBXFileReference; lastKnownFileType = wrapper.framework; name = CoreTelephony.framework; path = System/Library/Frameworks/CoreTelephony.framework; sourceTree = SDKROOT; };
		1177772B1F23ABB4007183D0 /* CoreGraphics.framework */ = {isa = PBXFileReference; lastKnownFileType = wrapper.framework; name = CoreGraphics.framework; path = System/Library/Frameworks/CoreGraphics.framework; sourceTree = SDKROOT; };
		1177772D1F23ABBC007183D0 /* CoreText.framework */ = {isa = PBXFileReference; lastKnownFileType = wrapper.framework; name = CoreText.framework; path = System/Library/Frameworks/CoreText.framework; sourceTree = SDKROOT; };
		1177772F1F23ABC5007183D0 /* QuartzCore.framework */ = {isa = PBXFileReference; lastKnownFileType = wrapper.framework; name = QuartzCore.framework; path = System/Library/Frameworks/QuartzCore.framework; sourceTree = SDKROOT; };
		117777311F23ABCD007183D0 /* UIKit.framework */ = {isa = PBXFileReference; lastKnownFileType = wrapper.framework; name = UIKit.framework; path = System/Library/Frameworks/UIKit.framework; sourceTree = SDKROOT; };
		117777331F23ABD3007183D0 /* Foundation.framework */ = {isa = PBXFileReference; lastKnownFileType = wrapper.framework; name = Foundation.framework; path = System/Library/Frameworks/Foundation.framework; sourceTree = SDKROOT; };
		11C8F1D41F25D1660015C99B /* AlipaySDK.bundle */ = {isa = PBXFileReference; lastKnownFileType = "wrapper.plug-in"; path = AlipaySDK.bundle; sourceTree = "<group>"; };
		11C8F1D51F25D1660015C99B /* AlipaySDK.framework */ = {isa = PBXFileReference; lastKnownFileType = wrapper.framework; path = AlipaySDK.framework; sourceTree = "<group>"; };
		11C8F1D61F25D1660015C99B /* libcrypto.a */ = {isa = PBXFileReference; lastKnownFileType = archive.ar; path = libcrypto.a; sourceTree = "<group>"; };
		11C8F1D71F25D1660015C99B /* libssl.a */ = {isa = PBXFileReference; lastKnownFileType = archive.ar; path = libssl.a; sourceTree = "<group>"; };
		11C8F1D91F25D1660015C99B /* aes.h */ = {isa = PBXFileReference; fileEncoding = 4; lastKnownFileType = sourcecode.c.h; path = aes.h; sourceTree = "<group>"; };
		11C8F1DA1F25D1660015C99B /* asn1.h */ = {isa = PBXFileReference; fileEncoding = 4; lastKnownFileType = sourcecode.c.h; path = asn1.h; sourceTree = "<group>"; };
		11C8F1DB1F25D1660015C99B /* asn1_mac.h */ = {isa = PBXFileReference; fileEncoding = 4; lastKnownFileType = sourcecode.c.h; path = asn1_mac.h; sourceTree = "<group>"; };
		11C8F1DC1F25D1660015C99B /* asn1t.h */ = {isa = PBXFileReference; fileEncoding = 4; lastKnownFileType = sourcecode.c.h; path = asn1t.h; sourceTree = "<group>"; };
		11C8F1DD1F25D1660015C99B /* bio.h */ = {isa = PBXFileReference; fileEncoding = 4; lastKnownFileType = sourcecode.c.h; path = bio.h; sourceTree = "<group>"; };
		11C8F1DE1F25D1660015C99B /* blowfish.h */ = {isa = PBXFileReference; fileEncoding = 4; lastKnownFileType = sourcecode.c.h; path = blowfish.h; sourceTree = "<group>"; };
		11C8F1DF1F25D1660015C99B /* bn.h */ = {isa = PBXFileReference; fileEncoding = 4; lastKnownFileType = sourcecode.c.h; path = bn.h; sourceTree = "<group>"; };
		11C8F1E01F25D1660015C99B /* buffer.h */ = {isa = PBXFileReference; fileEncoding = 4; lastKnownFileType = sourcecode.c.h; path = buffer.h; sourceTree = "<group>"; };
		11C8F1E11F25D1660015C99B /* camellia.h */ = {isa = PBXFileReference; fileEncoding = 4; lastKnownFileType = sourcecode.c.h; path = camellia.h; sourceTree = "<group>"; };
		11C8F1E21F25D1660015C99B /* cast.h */ = {isa = PBXFileReference; fileEncoding = 4; lastKnownFileType = sourcecode.c.h; path = cast.h; sourceTree = "<group>"; };
		11C8F1E31F25D1660015C99B /* cmac.h */ = {isa = PBXFileReference; fileEncoding = 4; lastKnownFileType = sourcecode.c.h; path = cmac.h; sourceTree = "<group>"; };
		11C8F1E41F25D1660015C99B /* cms.h */ = {isa = PBXFileReference; fileEncoding = 4; lastKnownFileType = sourcecode.c.h; path = cms.h; sourceTree = "<group>"; };
		11C8F1E51F25D1660015C99B /* comp.h */ = {isa = PBXFileReference; fileEncoding = 4; lastKnownFileType = sourcecode.c.h; path = comp.h; sourceTree = "<group>"; };
		11C8F1E61F25D1660015C99B /* conf.h */ = {isa = PBXFileReference; fileEncoding = 4; lastKnownFileType = sourcecode.c.h; path = conf.h; sourceTree = "<group>"; };
		11C8F1E71F25D1660015C99B /* conf_api.h */ = {isa = PBXFileReference; fileEncoding = 4; lastKnownFileType = sourcecode.c.h; path = conf_api.h; sourceTree = "<group>"; };
		11C8F1E81F25D1660015C99B /* crypto.h */ = {isa = PBXFileReference; fileEncoding = 4; lastKnownFileType = sourcecode.c.h; path = crypto.h; sourceTree = "<group>"; };
		11C8F1E91F25D1660015C99B /* des.h */ = {isa = PBXFileReference; fileEncoding = 4; lastKnownFileType = sourcecode.c.h; path = des.h; sourceTree = "<group>"; };
		11C8F1EA1F25D1660015C99B /* des_old.h */ = {isa = PBXFileReference; fileEncoding = 4; lastKnownFileType = sourcecode.c.h; path = des_old.h; sourceTree = "<group>"; };
		11C8F1EB1F25D1660015C99B /* dh.h */ = {isa = PBXFileReference; fileEncoding = 4; lastKnownFileType = sourcecode.c.h; path = dh.h; sourceTree = "<group>"; };
		11C8F1EC1F25D1660015C99B /* dsa.h */ = {isa = PBXFileReference; fileEncoding = 4; lastKnownFileType = sourcecode.c.h; path = dsa.h; sourceTree = "<group>"; };
		11C8F1ED1F25D1660015C99B /* dso.h */ = {isa = PBXFileReference; fileEncoding = 4; lastKnownFileType = sourcecode.c.h; path = dso.h; sourceTree = "<group>"; };
		11C8F1EE1F25D1660015C99B /* dtls1.h */ = {isa = PBXFileReference; fileEncoding = 4; lastKnownFileType = sourcecode.c.h; path = dtls1.h; sourceTree = "<group>"; };
		11C8F1EF1F25D1660015C99B /* e_os2.h */ = {isa = PBXFileReference; fileEncoding = 4; lastKnownFileType = sourcecode.c.h; path = e_os2.h; sourceTree = "<group>"; };
		11C8F1F01F25D1660015C99B /* ebcdic.h */ = {isa = PBXFileReference; fileEncoding = 4; lastKnownFileType = sourcecode.c.h; path = ebcdic.h; sourceTree = "<group>"; };
		11C8F1F11F25D1660015C99B /* ec.h */ = {isa = PBXFileReference; fileEncoding = 4; lastKnownFileType = sourcecode.c.h; path = ec.h; sourceTree = "<group>"; };
		11C8F1F21F25D1660015C99B /* ecdh.h */ = {isa = PBXFileReference; fileEncoding = 4; lastKnownFileType = sourcecode.c.h; path = ecdh.h; sourceTree = "<group>"; };
		11C8F1F31F25D1660015C99B /* ecdsa.h */ = {isa = PBXFileReference; fileEncoding = 4; lastKnownFileType = sourcecode.c.h; path = ecdsa.h; sourceTree = "<group>"; };
		11C8F1F41F25D1660015C99B /* engine.h */ = {isa = PBXFileReference; fileEncoding = 4; lastKnownFileType = sourcecode.c.h; path = engine.h; sourceTree = "<group>"; };
		11C8F1F51F25D1660015C99B /* err.h */ = {isa = PBXFileReference; fileEncoding = 4; lastKnownFileType = sourcecode.c.h; path = err.h; sourceTree = "<group>"; };
		11C8F1F61F25D1660015C99B /* evp.h */ = {isa = PBXFileReference; fileEncoding = 4; lastKnownFileType = sourcecode.c.h; path = evp.h; sourceTree = "<group>"; };
		11C8F1F71F25D1660015C99B /* hmac.h */ = {isa = PBXFileReference; fileEncoding = 4; lastKnownFileType = sourcecode.c.h; path = hmac.h; sourceTree = "<group>"; };
		11C8F1F81F25D1660015C99B /* idea.h */ = {isa = PBXFileReference; fileEncoding = 4; lastKnownFileType = sourcecode.c.h; path = idea.h; sourceTree = "<group>"; };
		11C8F1F91F25D1660015C99B /* krb5_asn.h */ = {isa = PBXFileReference; fileEncoding = 4; lastKnownFileType = sourcecode.c.h; path = krb5_asn.h; sourceTree = "<group>"; };
		11C8F1FA1F25D1660015C99B /* kssl.h */ = {isa = PBXFileReference; fileEncoding = 4; lastKnownFileType = sourcecode.c.h; path = kssl.h; sourceTree = "<group>"; };
		11C8F1FB1F25D1660015C99B /* lhash.h */ = {isa = PBXFileReference; fileEncoding = 4; lastKnownFileType = sourcecode.c.h; path = lhash.h; sourceTree = "<group>"; };
		11C8F1FC1F25D1660015C99B /* md4.h */ = {isa = PBXFileReference; fileEncoding = 4; lastKnownFileType = sourcecode.c.h; path = md4.h; sourceTree = "<group>"; };
		11C8F1FD1F25D1660015C99B /* md5.h */ = {isa = PBXFileReference; fileEncoding = 4; lastKnownFileType = sourcecode.c.h; path = md5.h; sourceTree = "<group>"; };
		11C8F1FE1F25D1660015C99B /* mdc2.h */ = {isa = PBXFileReference; fileEncoding = 4; lastKnownFileType = sourcecode.c.h; path = mdc2.h; sourceTree = "<group>"; };
		11C8F1FF1F25D1660015C99B /* modes.h */ = {isa = PBXFileReference; fileEncoding = 4; lastKnownFileType = sourcecode.c.h; path = modes.h; sourceTree = "<group>"; };
		11C8F2001F25D1660015C99B /* obj_mac.h */ = {isa = PBXFileReference; fileEncoding = 4; lastKnownFileType = sourcecode.c.h; path = obj_mac.h; sourceTree = "<group>"; };
		11C8F2011F25D1660015C99B /* objects.h */ = {isa = PBXFileReference; fileEncoding = 4; lastKnownFileType = sourcecode.c.h; path = objects.h; sourceTree = "<group>"; };
		11C8F2021F25D1660015C99B /* ocsp.h */ = {isa = PBXFileReference; fileEncoding = 4; lastKnownFileType = sourcecode.c.h; path = ocsp.h; sourceTree = "<group>"; };
		11C8F2031F25D1660015C99B /* opensslconf.h */ = {isa = PBXFileReference; fileEncoding = 4; lastKnownFileType = sourcecode.c.h; path = opensslconf.h; sourceTree = "<group>"; };
		11C8F2041F25D1660015C99B /* opensslv.h */ = {isa = PBXFileReference; fileEncoding = 4; lastKnownFileType = sourcecode.c.h; path = opensslv.h; sourceTree = "<group>"; };
		11C8F2051F25D1660015C99B /* ossl_typ.h */ = {isa = PBXFileReference; fileEncoding = 4; lastKnownFileType = sourcecode.c.h; path = ossl_typ.h; sourceTree = "<group>"; };
		11C8F2061F25D1660015C99B /* pem.h */ = {isa = PBXFileReference; fileEncoding = 4; lastKnownFileType = sourcecode.c.h; path = pem.h; sourceTree = "<group>"; };
		11C8F2071F25D1660015C99B /* pem2.h */ = {isa = PBXFileReference; fileEncoding = 4; lastKnownFileType = sourcecode.c.h; path = pem2.h; sourceTree = "<group>"; };
		11C8F2081F25D1660015C99B /* pkcs12.h */ = {isa = PBXFileReference; fileEncoding = 4; lastKnownFileType = sourcecode.c.h; path = pkcs12.h; sourceTree = "<group>"; };
		11C8F2091F25D1660015C99B /* pkcs7.h */ = {isa = PBXFileReference; fileEncoding = 4; lastKnownFileType = sourcecode.c.h; path = pkcs7.h; sourceTree = "<group>"; };
		11C8F20A1F25D1660015C99B /* pqueue.h */ = {isa = PBXFileReference; fileEncoding = 4; lastKnownFileType = sourcecode.c.h; path = pqueue.h; sourceTree = "<group>"; };
		11C8F20B1F25D1660015C99B /* rand.h */ = {isa = PBXFileReference; fileEncoding = 4; lastKnownFileType = sourcecode.c.h; path = rand.h; sourceTree = "<group>"; };
		11C8F20C1F25D1660015C99B /* rc2.h */ = {isa = PBXFileReference; fileEncoding = 4; lastKnownFileType = sourcecode.c.h; path = rc2.h; sourceTree = "<group>"; };
		11C8F20D1F25D1660015C99B /* rc4.h */ = {isa = PBXFileReference; fileEncoding = 4; lastKnownFileType = sourcecode.c.h; path = rc4.h; sourceTree = "<group>"; };
		11C8F20E1F25D1660015C99B /* ripemd.h */ = {isa = PBXFileReference; fileEncoding = 4; lastKnownFileType = sourcecode.c.h; path = ripemd.h; sourceTree = "<group>"; };
		11C8F20F1F25D1660015C99B /* rsa.h */ = {isa = PBXFileReference; fileEncoding = 4; lastKnownFileType = sourcecode.c.h; path = rsa.h; sourceTree = "<group>"; };
		11C8F2101F25D1660015C99B /* safestack.h */ = {isa = PBXFileReference; fileEncoding = 4; lastKnownFileType = sourcecode.c.h; path = safestack.h; sourceTree = "<group>"; };
		11C8F2111F25D1660015C99B /* seed.h */ = {isa = PBXFileReference; fileEncoding = 4; lastKnownFileType = sourcecode.c.h; path = seed.h; sourceTree = "<group>"; };
		11C8F2121F25D1660015C99B /* sha.h */ = {isa = PBXFileReference; fileEncoding = 4; lastKnownFileType = sourcecode.c.h; path = sha.h; sourceTree = "<group>"; };
		11C8F2131F25D1660015C99B /* srp.h */ = {isa = PBXFileReference; fileEncoding = 4; lastKnownFileType = sourcecode.c.h; path = srp.h; sourceTree = "<group>"; };
		11C8F2141F25D1660015C99B /* srtp.h */ = {isa = PBXFileReference; fileEncoding = 4; lastKnownFileType = sourcecode.c.h; path = srtp.h; sourceTree = "<group>"; };
		11C8F2151F25D1660015C99B /* ssl.h */ = {isa = PBXFileReference; fileEncoding = 4; lastKnownFileType = sourcecode.c.h; path = ssl.h; sourceTree = "<group>"; };
		11C8F2161F25D1660015C99B /* ssl2.h */ = {isa = PBXFileReference; fileEncoding = 4; lastKnownFileType = sourcecode.c.h; path = ssl2.h; sourceTree = "<group>"; };
		11C8F2171F25D1660015C99B /* ssl23.h */ = {isa = PBXFileReference; fileEncoding = 4; lastKnownFileType = sourcecode.c.h; path = ssl23.h; sourceTree = "<group>"; };
		11C8F2181F25D1660015C99B /* ssl3.h */ = {isa = PBXFileReference; fileEncoding = 4; lastKnownFileType = sourcecode.c.h; path = ssl3.h; sourceTree = "<group>"; };
		11C8F2191F25D1660015C99B /* stack.h */ = {isa = PBXFileReference; fileEncoding = 4; lastKnownFileType = sourcecode.c.h; path = stack.h; sourceTree = "<group>"; };
		11C8F21A1F25D1660015C99B /* symhacks.h */ = {isa = PBXFileReference; fileEncoding = 4; lastKnownFileType = sourcecode.c.h; path = symhacks.h; sourceTree = "<group>"; };
		11C8F21B1F25D1660015C99B /* tls1.h */ = {isa = PBXFileReference; fileEncoding = 4; lastKnownFileType = sourcecode.c.h; path = tls1.h; sourceTree = "<group>"; };
		11C8F21C1F25D1660015C99B /* ts.h */ = {isa = PBXFileReference; fileEncoding = 4; lastKnownFileType = sourcecode.c.h; path = ts.h; sourceTree = "<group>"; };
		11C8F21D1F25D1660015C99B /* txt_db.h */ = {isa = PBXFileReference; fileEncoding = 4; lastKnownFileType = sourcecode.c.h; path = txt_db.h; sourceTree = "<group>"; };
		11C8F21E1F25D1660015C99B /* ui.h */ = {isa = PBXFileReference; fileEncoding = 4; lastKnownFileType = sourcecode.c.h; path = ui.h; sourceTree = "<group>"; };
		11C8F21F1F25D1660015C99B /* ui_compat.h */ = {isa = PBXFileReference; fileEncoding = 4; lastKnownFileType = sourcecode.c.h; path = ui_compat.h; sourceTree = "<group>"; };
		11C8F2201F25D1660015C99B /* whrlpool.h */ = {isa = PBXFileReference; fileEncoding = 4; lastKnownFileType = sourcecode.c.h; path = whrlpool.h; sourceTree = "<group>"; };
		11C8F2211F25D1660015C99B /* x509.h */ = {isa = PBXFileReference; fileEncoding = 4; lastKnownFileType = sourcecode.c.h; path = x509.h; sourceTree = "<group>"; };
		11C8F2221F25D1660015C99B /* x509_vfy.h */ = {isa = PBXFileReference; fileEncoding = 4; lastKnownFileType = sourcecode.c.h; path = x509_vfy.h; sourceTree = "<group>"; };
		11C8F2231F25D1660015C99B /* x509v3.h */ = {isa = PBXFileReference; fileEncoding = 4; lastKnownFileType = sourcecode.c.h; path = x509v3.h; sourceTree = "<group>"; };
		11C8F2241F25D1660015C99B /* Order.h */ = {isa = PBXFileReference; fileEncoding = 4; lastKnownFileType = sourcecode.c.h; path = Order.h; sourceTree = "<group>"; };
		11C8F2251F25D1660015C99B /* Order.m */ = {isa = PBXFileReference; fileEncoding = 4; lastKnownFileType = sourcecode.c.objc; path = Order.m; sourceTree = "<group>"; };
		11C8F2271F25D1660015C99B /* base64.h */ = {isa = PBXFileReference; fileEncoding = 4; lastKnownFileType = sourcecode.c.h; path = base64.h; sourceTree = "<group>"; };
		11C8F2281F25D1660015C99B /* base64.m */ = {isa = PBXFileReference; fileEncoding = 4; lastKnownFileType = sourcecode.c.objc; path = base64.m; sourceTree = "<group>"; };
		11C8F2291F25D1660015C99B /* config.h */ = {isa = PBXFileReference; fileEncoding = 4; lastKnownFileType = sourcecode.c.h; path = config.h; sourceTree = "<group>"; };
		11C8F22A1F25D1660015C99B /* NSDataEx.h */ = {isa = PBXFileReference; fileEncoding = 4; lastKnownFileType = sourcecode.c.h; path = NSDataEx.h; sourceTree = "<group>"; };
		11C8F22B1F25D1660015C99B /* NSDataEx.m */ = {isa = PBXFileReference; fileEncoding = 4; lastKnownFileType = sourcecode.c.objc; path = NSDataEx.m; sourceTree = "<group>"; };
		11C8F22C1F25D1660015C99B /* openssl_wrapper.h */ = {isa = PBXFileReference; fileEncoding = 4; lastKnownFileType = sourcecode.c.h; path = openssl_wrapper.h; sourceTree = "<group>"; };
		11C8F22D1F25D1660015C99B /* openssl_wrapper.m */ = {isa = PBXFileReference; fileEncoding = 4; lastKnownFileType = sourcecode.c.objc; path = openssl_wrapper.m; sourceTree = "<group>"; };
		11C8F22E1F25D1660015C99B /* RSADataSigner.h */ = {isa = PBXFileReference; fileEncoding = 4; lastKnownFileType = sourcecode.c.h; path = RSADataSigner.h; sourceTree = "<group>"; };
		11C8F22F1F25D1660015C99B /* RSADataSigner.m */ = {isa = PBXFileReference; fileEncoding = 4; lastKnownFileType = sourcecode.c.objc; path = RSADataSigner.m; sourceTree = "<group>"; };
		11C8F2301F25D1660015C99B /* RSADataVerifier.h */ = {isa = PBXFileReference; fileEncoding = 4; lastKnownFileType = sourcecode.c.h; path = RSADataVerifier.h; sourceTree = "<group>"; };
		11C8F2311F25D1660015C99B /* RSADataVerifier.m */ = {isa = PBXFileReference; fileEncoding = 4; lastKnownFileType = sourcecode.c.objc; path = RSADataVerifier.m; sourceTree = "<group>"; };
/* End PBXFileReference section */

/* Begin PBXFrameworksBuildPhase section */
		117776961F23A758007183D0 /* Frameworks */ = {
			isa = PBXFrameworksBuildPhase;
			buildActionMask = 2147483647;
			files = (
				117777341F23ABD3007183D0 /* Foundation.framework in Frameworks */,
				117777321F23ABCD007183D0 /* UIKit.framework in Frameworks */,
				11C8F2351F25D1660015C99B /* libssl.a in Frameworks */,
				117777301F23ABC5007183D0 /* QuartzCore.framework in Frameworks */,
				1177772E1F23ABBC007183D0 /* CoreText.framework in Frameworks */,
				1177772C1F23ABB4007183D0 /* CoreGraphics.framework in Frameworks */,
				11C8F2331F25D1660015C99B /* AlipaySDK.framework in Frameworks */,
				1177772A1F23ABAB007183D0 /* CoreTelephony.framework in Frameworks */,
				117777281F23ABA0007183D0 /* SystemConfiguration.framework in Frameworks */,
				117777261F23AB98007183D0 /* libz.tbd in Frameworks */,
				117777241F23AB8F007183D0 /* libc++.tbd in Frameworks */,
				11C8F2341F25D1660015C99B /* libcrypto.a in Frameworks */,
				117777221F23AB88007183D0 /* CFNetwork.framework in Frameworks */,
				117777201F23AB7C007183D0 /* CoreMotion.framework in Frameworks */,
			);
			runOnlyForDeploymentPostprocessing = 0;
		};
/* End PBXFrameworksBuildPhase section */

/* Begin PBXGroup section */
		117776901F23A758007183D0 = {
			isa = PBXGroup;
			children = (
				1177769B1F23A758007183D0 /* alipay_Swift3_demo */,
				1177769A1F23A758007183D0 /* Products */,
				1177771E1F23AB7C007183D0 /* Frameworks */,
			);
			sourceTree = "<group>";
		};
		1177769A1F23A758007183D0 /* Products */ = {
			isa = PBXGroup;
			children = (
				117776991F23A758007183D0 /* alipay_Swift3_demo.app */,
			);
			name = Products;
			sourceTree = "<group>";
		};
		1177769B1F23A758007183D0 /* alipay_Swift3_demo */ = {
			isa = PBXGroup;
			children = (
				11C8F1D31F25D1660015C99B /* AliSDK */,
				1177769C1F23A758007183D0 /* AppDelegate.swift */,
				1177769E1F23A758007183D0 /* ViewController.swift */,
				117776A01F23A758007183D0 /* Main.storyboard */,
				117776A31F23A758007183D0 /* Assets.xcassets */,
				117776A51F23A758007183D0 /* LaunchScreen.storyboard */,
				117776A81F23A758007183D0 /* Info.plist */,
				117776AE1F23A76B007183D0 /* alipay_Swift3_demo-Bridging-Header.h */,
			);
			path = alipay_Swift3_demo;
			sourceTree = "<group>";
		};
		1177771E1F23AB7C007183D0 /* Frameworks */ = {
			isa = PBXGroup;
			children = (
				117777331F23ABD3007183D0 /* Foundation.framework */,
				117777311F23ABCD007183D0 /* UIKit.framework */,
				1177772F1F23ABC5007183D0 /* QuartzCore.framework */,
				1177772D1F23ABBC007183D0 /* CoreText.framework */,
				1177772B1F23ABB4007183D0 /* CoreGraphics.framework */,
				117777291F23ABAB007183D0 /* CoreTelephony.framework */,
				117777271F23ABA0007183D0 /* SystemConfiguration.framework */,
				117777251F23AB98007183D0 /* libz.tbd */,
				117777231F23AB8F007183D0 /* libc++.tbd */,
				117777211F23AB88007183D0 /* CFNetwork.framework */,
				1177771F1F23AB7C007183D0 /* CoreMotion.framework */,
			);
			name = Frameworks;
			sourceTree = "<group>";
		};
		11C8F1D31F25D1660015C99B /* AliSDK */ = {
			isa = PBXGroup;
			children = (
				11C8F1D41F25D1660015C99B /* AlipaySDK.bundle */,
				11C8F1D51F25D1660015C99B /* AlipaySDK.framework */,
				11C8F1D61F25D1660015C99B /* libcrypto.a */,
				11C8F1D71F25D1660015C99B /* libssl.a */,
				11C8F1D81F25D1660015C99B /* openssl */,
				11C8F2241F25D1660015C99B /* Order.h */,
				11C8F2251F25D1660015C99B /* Order.m */,
				11C8F2261F25D1660015C99B /* Util */,
			);
			path = AliSDK;
			sourceTree = "<group>";
		};
		11C8F1D81F25D1660015C99B /* openssl */ = {
			isa = PBXGroup;
			children = (
				11C8F1D91F25D1660015C99B /* aes.h */,
				11C8F1DA1F25D1660015C99B /* asn1.h */,
				11C8F1DB1F25D1660015C99B /* asn1_mac.h */,
				11C8F1DC1F25D1660015C99B /* asn1t.h */,
				11C8F1DD1F25D1660015C99B /* bio.h */,
				11C8F1DE1F25D1660015C99B /* blowfish.h */,
				11C8F1DF1F25D1660015C99B /* bn.h */,
				11C8F1E01F25D1660015C99B /* buffer.h */,
				11C8F1E11F25D1660015C99B /* camellia.h */,
				11C8F1E21F25D1660015C99B /* cast.h */,
				11C8F1E31F25D1660015C99B /* cmac.h */,
				11C8F1E41F25D1660015C99B /* cms.h */,
				11C8F1E51F25D1660015C99B /* comp.h */,
				11C8F1E61F25D1660015C99B /* conf.h */,
				11C8F1E71F25D1660015C99B /* conf_api.h */,
				11C8F1E81F25D1660015C99B /* crypto.h */,
				11C8F1E91F25D1660015C99B /* des.h */,
				11C8F1EA1F25D1660015C99B /* des_old.h */,
				11C8F1EB1F25D1660015C99B /* dh.h */,
				11C8F1EC1F25D1660015C99B /* dsa.h */,
				11C8F1ED1F25D1660015C99B /* dso.h */,
				11C8F1EE1F25D1660015C99B /* dtls1.h */,
				11C8F1EF1F25D1660015C99B /* e_os2.h */,
				11C8F1F01F25D1660015C99B /* ebcdic.h */,
				11C8F1F11F25D1660015C99B /* ec.h */,
				11C8F1F21F25D1660015C99B /* ecdh.h */,
				11C8F1F31F25D1660015C99B /* ecdsa.h */,
				11C8F1F41F25D1660015C99B /* engine.h */,
				11C8F1F51F25D1660015C99B /* err.h */,
				11C8F1F61F25D1660015C99B /* evp.h */,
				11C8F1F71F25D1660015C99B /* hmac.h */,
				11C8F1F81F25D1660015C99B /* idea.h */,
				11C8F1F91F25D1660015C99B /* krb5_asn.h */,
				11C8F1FA1F25D1660015C99B /* kssl.h */,
				11C8F1FB1F25D1660015C99B /* lhash.h */,
				11C8F1FC1F25D1660015C99B /* md4.h */,
				11C8F1FD1F25D1660015C99B /* md5.h */,
				11C8F1FE1F25D1660015C99B /* mdc2.h */,
				11C8F1FF1F25D1660015C99B /* modes.h */,
				11C8F2001F25D1660015C99B /* obj_mac.h */,
				11C8F2011F25D1660015C99B /* objects.h */,
				11C8F2021F25D1660015C99B /* ocsp.h */,
				11C8F2031F25D1660015C99B /* opensslconf.h */,
				11C8F2041F25D1660015C99B /* opensslv.h */,
				11C8F2051F25D1660015C99B /* ossl_typ.h */,
				11C8F2061F25D1660015C99B /* pem.h */,
				11C8F2071F25D1660015C99B /* pem2.h */,
				11C8F2081F25D1660015C99B /* pkcs12.h */,
				11C8F2091F25D1660015C99B /* pkcs7.h */,
				11C8F20A1F25D1660015C99B /* pqueue.h */,
				11C8F20B1F25D1660015C99B /* rand.h */,
				11C8F20C1F25D1660015C99B /* rc2.h */,
				11C8F20D1F25D1660015C99B /* rc4.h */,
				11C8F20E1F25D1660015C99B /* ripemd.h */,
				11C8F20F1F25D1660015C99B /* rsa.h */,
				11C8F2101F25D1660015C99B /* safestack.h */,
				11C8F2111F25D1660015C99B /* seed.h */,
				11C8F2121F25D1660015C99B /* sha.h */,
				11C8F2131F25D1660015C99B /* srp.h */,
				11C8F2141F25D1660015C99B /* srtp.h */,
				11C8F2151F25D1660015C99B /* ssl.h */,
				11C8F2161F25D1660015C99B /* ssl2.h */,
				11C8F2171F25D1660015C99B /* ssl23.h */,
				11C8F2181F25D1660015C99B /* ssl3.h */,
				11C8F2191F25D1660015C99B /* stack.h */,
				11C8F21A1F25D1660015C99B /* symhacks.h */,
				11C8F21B1F25D1660015C99B /* tls1.h */,
				11C8F21C1F25D1660015C99B /* ts.h */,
				11C8F21D1F25D1660015C99B /* txt_db.h */,
				11C8F21E1F25D1660015C99B /* ui.h */,
				11C8F21F1F25D1660015C99B /* ui_compat.h */,
				11C8F2201F25D1660015C99B /* whrlpool.h */,
				11C8F2211F25D1660015C99B /* x509.h */,
				11C8F2221F25D1660015C99B /* x509_vfy.h */,
				11C8F2231F25D1660015C99B /* x509v3.h */,
			);
			path = openssl;
			sourceTree = "<group>";
		};
		11C8F2261F25D1660015C99B /* Util */ = {
			isa = PBXGroup;
			children = (
				11C8F2271F25D1660015C99B /* base64.h */,
				11C8F2281F25D1660015C99B /* base64.m */,
				11C8F2291F25D1660015C99B /* config.h */,
				11C8F22A1F25D1660015C99B /* NSDataEx.h */,
				11C8F22B1F25D1660015C99B /* NSDataEx.m */,
				11C8F22C1F25D1660015C99B /* openssl_wrapper.h */,
				11C8F22D1F25D1660015C99B /* openssl_wrapper.m */,
				11C8F22E1F25D1660015C99B /* RSADataSigner.h */,
				11C8F22F1F25D1660015C99B /* RSADataSigner.m */,
				11C8F2301F25D1660015C99B /* RSADataVerifier.h */,
				11C8F2311F25D1660015C99B /* RSADataVerifier.m */,
			);
			path = Util;
			sourceTree = "<group>";
		};
/* End PBXGroup section */

/* Begin PBXNativeTarget section */
		117776981F23A758007183D0 /* alipay_Swift3_demo */ = {
			isa = PBXNativeTarget;
			buildConfigurationList = 117776AB1F23A758007183D0 /* Build configuration list for PBXNativeTarget "alipay_Swift3_demo" */;
			buildPhases = (
				117776951F23A758007183D0 /* Sources */,
				117776961F23A758007183D0 /* Frameworks */,
				117776971F23A758007183D0 /* Resources */,
			);
			buildRules = (
			);
			dependencies = (
			);
			name = alipay_Swift3_demo;
			productName = alipay_Swift3_demo;
			productReference = 117776991F23A758007183D0 /* alipay_Swift3_demo.app */;
			productType = "com.apple.product-type.application";
		};
/* End PBXNativeTarget section */

/* Begin PBXProject section */
		117776911F23A758007183D0 /* Project object */ = {
			isa = PBXProject;
			attributes = {
				LastSwiftUpdateCheck = 0830;
				LastUpgradeCheck = 0830;
				ORGANIZATIONNAME = "Shiang-Yu Huang";
				TargetAttributes = {
					117776981F23A758007183D0 = {
						CreatedOnToolsVersion = 8.3.2;
						DevelopmentTeam = LPH4JQ7PG5;
						LastSwiftMigration = 0830;
						ProvisioningStyle = Automatic;
					};
				};
			};
			buildConfigurationList = 117776941F23A758007183D0 /* Build configuration list for PBXProject "alipay_Swift3_demo" */;
			compatibilityVersion = "Xcode 3.2";
			developmentRegion = English;
			hasScannedForEncodings = 0;
			knownRegions = (
				English,
				en,
				Base,
			);
			mainGroup = 117776901F23A758007183D0;
			productRefGroup = 1177769A1F23A758007183D0 /* Products */;
			projectDirPath = "";
			projectRoot = "";
			targets = (
				117776981F23A758007183D0 /* alipay_Swift3_demo */,
			);
		};
/* End PBXProject section */

/* Begin PBXResourcesBuildPhase section */
		117776971F23A758007183D0 /* Resources */ = {
			isa = PBXResourcesBuildPhase;
			buildActionMask = 2147483647;
			files = (
				117776A71F23A758007183D0 /* LaunchScreen.storyboard in Resources */,
				117776A41F23A758007183D0 /* Assets.xcassets in Resources */,
				11C8F2321F25D1660015C99B /* AlipaySDK.bundle in Resources */,
				117776A21F23A758007183D0 /* Main.storyboard in Resources */,
			);
			runOnlyForDeploymentPostprocessing = 0;
		};
/* End PBXResourcesBuildPhase section */

/* Begin PBXSourcesBuildPhase section */
		117776951F23A758007183D0 /* Sources */ = {
			isa = PBXSourcesBuildPhase;
			buildActionMask = 2147483647;
			files = (
				11C8F23B1F25D1660015C99B /* RSADataVerifier.m in Sources */,
				11C8F2371F25D1660015C99B /* base64.m in Sources */,
				11C8F2381F25D1660015C99B /* NSDataEx.m in Sources */,
				11C8F2391F25D1660015C99B /* openssl_wrapper.m in Sources */,
				11C8F2361F25D1660015C99B /* Order.m in Sources */,
				1177769F1F23A758007183D0 /* ViewController.swift in Sources */,
				11C8F23A1F25D1660015C99B /* RSADataSigner.m in Sources */,
				1177769D1F23A758007183D0 /* AppDelegate.swift in Sources */,
			);
			runOnlyForDeploymentPostprocessing = 0;
		};
/* End PBXSourcesBuildPhase section */

/* Begin PBXVariantGroup section */
		117776A01F23A758007183D0 /* Main.storyboard */ = {
			isa = PBXVariantGroup;
			children = (
				117776A11F23A758007183D0 /* Base */,
			);
			name = Main.storyboard;
			sourceTree = "<group>";
		};
		117776A51F23A758007183D0 /* LaunchScreen.storyboard */ = {
			isa = PBXVariantGroup;
			children = (
				117776A61F23A758007183D0 /* Base */,
			);
			name = LaunchScreen.storyboard;
			sourceTree = "<group>";
		};
/* End PBXVariantGroup section */

/* Begin XCBuildConfiguration section */
		117776A91F23A758007183D0 /* Debug */ = {
			isa = XCBuildConfiguration;
			buildSettings = {
				ALWAYS_SEARCH_USER_PATHS = NO;
				CLANG_ANALYZER_NONNULL = YES;
				CLANG_ANALYZER_NUMBER_OBJECT_CONVERSION = YES_AGGRESSIVE;
				CLANG_CXX_LANGUAGE_STANDARD = "gnu++0x";
				CLANG_CXX_LIBRARY = "libc++";
				CLANG_ENABLE_MODULES = YES;
				CLANG_ENABLE_OBJC_ARC = YES;
				CLANG_WARN_BOOL_CONVERSION = YES;
				CLANG_WARN_CONSTANT_CONVERSION = YES;
				CLANG_WARN_DIRECT_OBJC_ISA_USAGE = YES_ERROR;
				CLANG_WARN_DOCUMENTATION_COMMENTS = YES;
				CLANG_WARN_EMPTY_BODY = YES;
				CLANG_WARN_ENUM_CONVERSION = YES;
				CLANG_WARN_INFINITE_RECURSION = YES;
				CLANG_WARN_INT_CONVERSION = YES;
				CLANG_WARN_OBJC_ROOT_CLASS = YES_ERROR;
				CLANG_WARN_SUSPICIOUS_MOVE = YES;
				CLANG_WARN_UNREACHABLE_CODE = YES;
				CLANG_WARN__DUPLICATE_METHOD_MATCH = YES;
				"CODE_SIGN_IDENTITY[sdk=iphoneos*]" = "iPhone Developer";
				COPY_PHASE_STRIP = NO;
				DEBUG_INFORMATION_FORMAT = dwarf;
				ENABLE_STRICT_OBJC_MSGSEND = YES;
				ENABLE_TESTABILITY = YES;
				GCC_C_LANGUAGE_STANDARD = gnu99;
				GCC_DYNAMIC_NO_PIC = NO;
				GCC_NO_COMMON_BLOCKS = YES;
				GCC_OPTIMIZATION_LEVEL = 0;
				GCC_PREPROCESSOR_DEFINITIONS = (
					"DEBUG=1",
					"$(inherited)",
				);
				GCC_WARN_64_TO_32_BIT_CONVERSION = YES;
				GCC_WARN_ABOUT_RETURN_TYPE = YES_ERROR;
				GCC_WARN_UNDECLARED_SELECTOR = YES;
				GCC_WARN_UNINITIALIZED_AUTOS = YES_AGGRESSIVE;
				GCC_WARN_UNUSED_FUNCTION = YES;
				GCC_WARN_UNUSED_VARIABLE = YES;
				IPHONEOS_DEPLOYMENT_TARGET = 10.3;
				MTL_ENABLE_DEBUG_INFO = YES;
				ONLY_ACTIVE_ARCH = YES;
				SDKROOT = iphoneos;
				SWIFT_ACTIVE_COMPILATION_CONDITIONS = DEBUG;
				SWIFT_OPTIMIZATION_LEVEL = "-Onone";
			};
			name = Debug;
		};
		117776AA1F23A758007183D0 /* Release */ = {
			isa = XCBuildConfiguration;
			buildSettings = {
				ALWAYS_SEARCH_USER_PATHS = NO;
				CLANG_ANALYZER_NONNULL = YES;
				CLANG_ANALYZER_NUMBER_OBJECT_CONVERSION = YES_AGGRESSIVE;
				CLANG_CXX_LANGUAGE_STANDARD = "gnu++0x";
				CLANG_CXX_LIBRARY = "libc++";
				CLANG_ENABLE_MODULES = YES;
				CLANG_ENABLE_OBJC_ARC = YES;
				CLANG_WARN_BOOL_CONVERSION = YES;
				CLANG_WARN_CONSTANT_CONVERSION = YES;
				CLANG_WARN_DIRECT_OBJC_ISA_USAGE = YES_ERROR;
				CLANG_WARN_DOCUMENTATION_COMMENTS = YES;
				CLANG_WARN_EMPTY_BODY = YES;
				CLANG_WARN_ENUM_CONVERSION = YES;
				CLANG_WARN_INFINITE_RECURSION = YES;
				CLANG_WARN_INT_CONVERSION = YES;
				CLANG_WARN_OBJC_ROOT_CLASS = YES_ERROR;
				CLANG_WARN_SUSPICIOUS_MOVE = YES;
				CLANG_WARN_UNREACHABLE_CODE = YES;
				CLANG_WARN__DUPLICATE_METHOD_MATCH = YES;
				"CODE_SIGN_IDENTITY[sdk=iphoneos*]" = "iPhone Developer";
				COPY_PHASE_STRIP = NO;
				DEBUG_INFORMATION_FORMAT = "dwarf-with-dsym";
				ENABLE_NS_ASSERTIONS = NO;
				ENABLE_STRICT_OBJC_MSGSEND = YES;
				GCC_C_LANGUAGE_STANDARD = gnu99;
				GCC_NO_COMMON_BLOCKS = YES;
				GCC_WARN_64_TO_32_BIT_CONVERSION = YES;
				GCC_WARN_ABOUT_RETURN_TYPE = YES_ERROR;
				GCC_WARN_UNDECLARED_SELECTOR = YES;
				GCC_WARN_UNINITIALIZED_AUTOS = YES_AGGRESSIVE;
				GCC_WARN_UNUSED_FUNCTION = YES;
				GCC_WARN_UNUSED_VARIABLE = YES;
				IPHONEOS_DEPLOYMENT_TARGET = 10.3;
				MTL_ENABLE_DEBUG_INFO = NO;
				SDKROOT = iphoneos;
				SWIFT_OPTIMIZATION_LEVEL = "-Owholemodule";
				VALIDATE_PRODUCT = YES;
			};
			name = Release;
		};
		117776AC1F23A758007183D0 /* Debug */ = {
			isa = XCBuildConfiguration;
			buildSettings = {
				ASSETCATALOG_COMPILER_APPICON_NAME = AppIcon;
				CLANG_ENABLE_MODULES = YES;
				DEVELOPMENT_TEAM = LPH4JQ7PG5;
				FRAMEWORK_SEARCH_PATHS = (
					"$(inherited)",
					"$(PROJECT_DIR)/alipay_Swift3_demo",
					"$(PROJECT_DIR)/alipay_Swift3_demo/AliSDK",
				);
				HEADER_SEARCH_PATHS = "\"$(SRCROOT)/alipay_Swift3_demo/AliSDK\"";
				INFOPLIST_FILE = alipay_Swift3_demo/Info.plist;
				LD_RUNPATH_SEARCH_PATHS = "$(inherited) @executable_path/Frameworks";
				LIBRARY_SEARCH_PATHS = (
					"$(inherited)",
					"$(PROJECT_DIR)/alipay_Swift3_demo",
					"$(PROJECT_DIR)/alipay_Swift3_demo/AliSDK",
				);
				PRODUCT_BUNDLE_IDENTIFIER = "com.Shiang-Yu-Huang.alipay-Swift3-demo";
				PRODUCT_NAME = "$(TARGET_NAME)";
				SWIFT_OBJC_BRIDGING_HEADER = "alipay_Swift3_demo/alipay_Swift3_demo-Bridging-Header.h";
				SWIFT_OPTIMIZATION_LEVEL = "-Onone";
				SWIFT_VERSION = 5.0;
			};
			name = Debug;
		};
		117776AD1F23A758007183D0 /* Release */ = {
			isa = XCBuildConfiguration;
			buildSettings = {
				ASSETCATALOG_COMPILER_APPICON_NAME = AppIcon;
				CLANG_ENABLE_MODULES = YES;
				DEVELOPMENT_TEAM = LPH4JQ7PG5;
				FRAMEWORK_SEARCH_PATHS = (
					"$(inherited)",
					"$(PROJECT_DIR)/alipay_Swift3_demo",
					"$(PROJECT_DIR)/alipay_Swift3_demo/AliSDK",
				);
				HEADER_SEARCH_PATHS = "\"$(SRCROOT)/alipay_Swift3_demo/AliSDK\"";
				INFOPLIST_FILE = alipay_Swift3_demo/Info.plist;
				LD_RUNPATH_SEARCH_PATHS = "$(inherited) @executable_path/Frameworks";
				LIBRARY_SEARCH_PATHS = (
					"$(inherited)",
					"$(PROJECT_DIR)/alipay_Swift3_demo",
					"$(PROJECT_DIR)/alipay_Swift3_demo/AliSDK",
				);
				PRODUCT_BUNDLE_IDENTIFIER = "com.Shiang-Yu-Huang.alipay-Swift3-demo";
				PRODUCT_NAME = "$(TARGET_NAME)";
				SWIFT_OBJC_BRIDGING_HEADER = "alipay_Swift3_demo/alipay_Swift3_demo-Bridging-Header.h";
				SWIFT_VERSION = 5.0;
			};
			name = Release;
		};
/* End XCBuildConfiguration section */

/* Begin XCConfigurationList section */
		117776941F23A758007183D0 /* Build configuration list for PBXProject "alipay_Swift3_demo" */ = {
			isa = XCConfigurationList;
			buildConfigurations = (
				117776A91F23A758007183D0 /* Debug */,
				117776AA1F23A758007183D0 /* Release */,
			);
			defaultConfigurationIsVisible = 0;
			defaultConfigurationName = Release;
		};
		117776AB1F23A758007183D0 /* Build configuration list for PBXNativeTarget "alipay_Swift3_demo" */ = {
			isa = XCConfigurationList;
			buildConfigurations = (
				117776AC1F23A758007183D0 /* Debug */,
				117776AD1F23A758007183D0 /* Release */,
			);
			defaultConfigurationIsVisible = 0;
			defaultConfigurationName = Release;
		};
/* End XCConfigurationList section */
	};
	rootObject = 117776911F23A758007183D0 /* Project object */;
}
