// !$*UTF8*$!
{
	archiveVersion = 1;
	classes = {
	};
	objectVersion = 46;
	objects = {

/* Begin PBXBuildFile section */
		1177769D1F23A758007183D0 /* AppDelegate.swift in Sources */ = {isa = PBXBuildFile; fileRef = 1177769C1F23A758007183D0 /* AppDelegate.swift */; };
		1177769F1F23A758007183D0 /* ViewController.swift in Sources */ = {isa = PBXBuildFile; fileRef = 1177769E1F23A758007183D0 /* ViewController.swift */; };
		117776A21F23A758007183D0 /* Main.storyboard in Resources */ = {isa = PBXBuildFile; fileRef = 117776A01F23A758007183D0 /* Main.storyboard */; };
		117776A41F23A758007183D0 /* Assets.xcassets in Resources */ = {isa = PBXBuildFile; fileRef = 117776A31F23A758007183D0 /* Assets.xcassets */; };
		117776A71F23A758007183D0 /* LaunchScreen.storyboard in Resources */ = {isa = PBXBuildFile; fileRef = 117776A51F23A758007183D0 /* LaunchScreen.storyboard */; };
		117777201F23AB7C007183D0 /* CoreMotion.framework in Frameworks */ = {isa = PBXBuildFile; fileRef = 1177771F1F23AB7C007183D0 /* CoreMotion.framework */; };
		117777221F23AB88007183D0 /* CFNetwork.framework in Frameworks */ = {isa = PBXBuildFile; fileRef = 117777211F23AB88007183D0 /* CFNetwork.framework */; };
		117777241F23AB8F007183D0 /* libc++.tbd in Frameworks */ = {isa = PBXBuildFile; fileRef = 117777231F23AB8F007183D0 /* libc++.tbd */; };
		117777261F23AB98007183D0 /* libz.tbd in Frameworks */ = {isa = PBXBuildFile; fileRef = 117777251F23AB98007183D0 /* libz.tbd */; };
		117777281F23ABA0007183D0 /* SystemConfiguration.framework in Frameworks */ = {isa = PBXBuildFile; fileRef = 117777271F23ABA0007183D0 /* SystemConfiguration.framework */; };
		1177772A1F23ABAB007183D0 /* CoreTelephony.framework in Frameworks */ = {isa = PBXBuildFile; fileRef = 117777291F23ABAB007183D0 /* CoreTelephony.framework */; };
		1177772C1F23ABB4007183D0 /* CoreGraphics.framework in Frameworks */ = {isa = PBXBuildFile; fileRef = 1177772B1F23ABB4007183D0 /* CoreGraphics.framework */; };
		1177772E1F23ABBC007183D0 /* CoreText.framework in Frameworks */ = {isa = PBXBuildFile; fileRef = 1177772D1F23ABBC007183D0 /* CoreText.framework */; };
		117777301F23ABC5007183D0 /* QuartzCore.framework in Frameworks */ = {isa = PBXBuildFile; fileRef = 1177772F1F23ABC5007183D0 /* QuartzCore.framework */; };
		117777321F23ABCD007183D0 /* UIKit.framework in Frameworks */ = {isa = PBXBuildFile; fileRef = 117777311F23ABCD007183D0 /* UIKit.framework */; };
		117777341F23ABD3007183D0 /* Foundation.framework in Frameworks */ = {isa = PBXBuildFile; fileRef = 117777331F23ABD3007183D0 /* Foundation.framework */; };
		117777931F23AE31007183D0 /* AlipaySDK.bundle in Resources */ = {isa = PBXBuildFile; fileRef = 117777351F23AE31007183D0 /* AlipaySDK.bundle */; };
		117777941F23AE31007183D0 /* AlipaySDK.framework in Frameworks */ = {isa = PBXBuildFile; fileRef = 117777361F23AE31007183D0 /* AlipaySDK.framework */; };
		117777951F23AE31007183D0 /* libcrypto.a in Frameworks */ = {isa = PBXBuildFile; fileRef = 117777371F23AE31007183D0 /* libcrypto.a */; };
		117777961F23AE31007183D0 /* libssl.a in Frameworks */ = {isa = PBXBuildFile; fileRef = 117777381F23AE31007183D0 /* libssl.a */; };
		117777971F23AE31007183D0 /* Order.m in Sources */ = {isa = PBXBuildFile; fileRef = 117777861F23AE31007183D0 /* Order.m */; };
		117777981F23AE31007183D0 /* base64.m in Sources */ = {isa = PBXBuildFile; fileRef = 117777891F23AE31007183D0 /* base64.m */; };
		117777991F23AE31007183D0 /* NSDataEx.m in Sources */ = {isa = PBXBuildFile; fileRef = 1177778C1F23AE31007183D0 /* NSDataEx.m */; };
		1177779A1F23AE31007183D0 /* openssl_wrapper.m in Sources */ = {isa = PBXBuildFile; fileRef = 1177778E1F23AE31007183D0 /* openssl_wrapper.m */; };
		1177779B1F23AE31007183D0 /* RSADataSigner.m in Sources */ = {isa = PBXBuildFile; fileRef = 117777901F23AE31007183D0 /* RSADataSigner.m */; };
		1177779C1F23AE31007183D0 /* RSADataVerifier.m in Sources */ = {isa = PBXBuildFile; fileRef = 117777921F23AE31007183D0 /* RSADataVerifier.m */; };
/* End PBXBuildFile section */

/* Begin PBXFileReference section */
		117776991F23A758007183D0 /* alipay_Swift3_demo.app */ = {isa = PBXFileReference; explicitFileType = wrapper.application; includeInIndex = 0; path = alipay_Swift3_demo.app; sourceTree = BUILT_PRODUCTS_DIR; };
		1177769C1F23A758007183D0 /* AppDelegate.swift */ = {isa = PBXFileReference; lastKnownFileType = sourcecode.swift; path = AppDelegate.swift; sourceTree = "<group>"; };
		1177769E1F23A758007183D0 /* ViewController.swift */ = {isa = PBXFileReference; lastKnownFileType = sourcecode.swift; path = ViewController.swift; sourceTree = "<group>"; };
		117776A11F23A758007183D0 /* Base */ = {isa = PBXFileReference; lastKnownFileType = file.storyboard; name = Base; path = Base.lproj/Main.storyboard; sourceTree = "<group>"; };
		117776A31F23A758007183D0 /* Assets.xcassets */ = {isa = PBXFileReference; lastKnownFileType = folder.assetcatalog; path = Assets.xcassets; sourceTree = "<group>"; };
		117776A61F23A758007183D0 /* Base */ = {isa = PBXFileReference; lastKnownFileType = file.storyboard; name = Base; path = Base.lproj/LaunchScreen.storyboard; sourceTree = "<group>"; };
		117776A81F23A758007183D0 /* Info.plist */ = {isa = PBXFileReference; lastKnownFileType = text.plist.xml; path = Info.plist; sourceTree = "<group>"; };
		117776AE1F23A76B007183D0 /* alipay_Swift3_demo-Bridging-Header.h */ = {isa = PBXFileReference; lastKnownFileType = sourcecode.c.h; path = "alipay_Swift3_demo-Bridging-Header.h"; sourceTree = "<group>"; };
		1177771F1F23AB7C007183D0 /* CoreMotion.framework */ = {isa = PBXFileReference; lastKnownFileType = wrapper.framework; name = CoreMotion.framework; path = System/Library/Frameworks/CoreMotion.framework; sourceTree = SDKROOT; };
		117777211F23AB88007183D0 /* CFNetwork.framework */ = {isa = PBXFileReference; lastKnownFileType = wrapper.framework; name = CFNetwork.framework; path = System/Library/Frameworks/CFNetwork.framework; sourceTree = SDKROOT; };
		117777231F23AB8F007183D0 /* libc++.tbd */ = {isa = PBXFileReference; lastKnownFileType = "sourcecode.text-based-dylib-definition"; name = "libc++.tbd"; path = "usr/lib/libc++.tbd"; sourceTree = SDKROOT; };
		117777251F23AB98007183D0 /* libz.tbd */ = {isa = PBXFileReference; lastKnownFileType = "sourcecode.text-based-dylib-definition"; name = libz.tbd; path = usr/lib/libz.tbd; sourceTree = SDKROOT; };
		117777271F23ABA0007183D0 /* SystemConfiguration.framework */ = {isa = PBXFileReference; lastKnownFileType = wrapper.framework; name = SystemConfiguration.framework; path = System/Library/Frameworks/SystemConfiguration.framework; sourceTree = SDKROOT; };
		117777291F23ABAB007183D0 /* CoreTelephony.framework */ = {isa = PBXFileReference; lastKnownFileType = wrapper.framework; name = CoreTelephony.framework; path = System/Library/Frameworks/CoreTelephony.framework; sourceTree = SDKROOT; };
		1177772B1F23ABB4007183D0 /* CoreGraphics.framework */ = {isa = PBXFileReference; lastKnownFileType = wrapper.framework; name = CoreGraphics.framework; path = System/Library/Frameworks/CoreGraphics.framework; sourceTree = SDKROOT; };
		1177772D1F23ABBC007183D0 /* CoreText.framework */ = {isa = PBXFileReference; lastKnownFileType = wrapper.framework; name = CoreText.framework; path = System/Library/Frameworks/CoreText.framework; sourceTree = SDKROOT; };
		1177772F1F23ABC5007183D0 /* QuartzCore.framework */ = {isa = PBXFileReference; lastKnownFileType = wrapper.framework; name = QuartzCore.framework; path = System/Library/Frameworks/QuartzCore.framework; sourceTree = SDKROOT; };
		117777311F23ABCD007183D0 /* UIKit.framework */ = {isa = PBXFileReference; lastKnownFileType = wrapper.framework; name = UIKit.framework; path = System/Library/Frameworks/UIKit.framework; sourceTree = SDKROOT; };
		117777331F23ABD3007183D0 /* Foundation.framework */ = {isa = PBXFileReference; lastKnownFileType = wrapper.framework; name = Foundation.framework; path = System/Library/Frameworks/Foundation.framework; sourceTree = SDKROOT; };
		117777351F23AE31007183D0 /* AlipaySDK.bundle */ = {isa = PBXFileReference; lastKnownFileType = "wrapper.plug-in"; path = AlipaySDK.bundle; sourceTree = "<group>"; };
		117777361F23AE31007183D0 /* AlipaySDK.framework */ = {isa = PBXFileReference; lastKnownFileType = wrapper.framework; path = AlipaySDK.framework; sourceTree = "<group>"; };
		117777371F23AE31007183D0 /* libcrypto.a */ = {isa = PBXFileReference; lastKnownFileType = archive.ar; path = libcrypto.a; sourceTree = "<group>"; };
		117777381F23AE31007183D0 /* libssl.a */ = {isa = PBXFileReference; lastKnownFileType = archive.ar; path = libssl.a; sourceTree = "<group>"; };
		1177773A1F23AE31007183D0 /* aes.h */ = {isa = PBXFileReference; fileEncoding = 4; lastKnownFileType = sourcecode.c.h; path = aes.h; sourceTree = "<group>"; };
		1177773B1F23AE31007183D0 /* asn1.h */ = {isa = PBXFileReference; fileEncoding = 4; lastKnownFileType = sourcecode.c.h; path = asn1.h; sourceTree = "<group>"; };
		1177773C1F23AE31007183D0 /* asn1_mac.h */ = {isa = PBXFileReference; fileEncoding = 4; lastKnownFileType = sourcecode.c.h; path = asn1_mac.h; sourceTree = "<group>"; };
		1177773D1F23AE31007183D0 /* asn1t.h */ = {isa = PBXFileReference; fileEncoding = 4; lastKnownFileType = sourcecode.c.h; path = asn1t.h; sourceTree = "<group>"; };
		1177773E1F23AE31007183D0 /* bio.h */ = {isa = PBXFileReference; fileEncoding = 4; lastKnownFileType = sourcecode.c.h; path = bio.h; sourceTree = "<group>"; };
		1177773F1F23AE31007183D0 /* blowfish.h */ = {isa = PBXFileReference; fileEncoding = 4; lastKnownFileType = sourcecode.c.h; path = blowfish.h; sourceTree = "<group>"; };
		117777401F23AE31007183D0 /* bn.h */ = {isa = PBXFileReference; fileEncoding = 4; lastKnownFileType = sourcecode.c.h; path = bn.h; sourceTree = "<group>"; };
		117777411F23AE31007183D0 /* buffer.h */ = {isa = PBXFileReference; fileEncoding = 4; lastKnownFileType = sourcecode.c.h; path = buffer.h; sourceTree = "<group>"; };
		117777421F23AE31007183D0 /* camellia.h */ = {isa = PBXFileReference; fileEncoding = 4; lastKnownFileType = sourcecode.c.h; path = camellia.h; sourceTree = "<group>"; };
		117777431F23AE31007183D0 /* cast.h */ = {isa = PBXFileReference; fileEncoding = 4; lastKnownFileType = sourcecode.c.h; path = cast.h; sourceTree = "<group>"; };
		117777441F23AE31007183D0 /* cmac.h */ = {isa = PBXFileReference; fileEncoding = 4; lastKnownFileType = sourcecode.c.h; path = cmac.h; sourceTree = "<group>"; };
		117777451F23AE31007183D0 /* cms.h */ = {isa = PBXFileReference; fileEncoding = 4; lastKnownFileType = sourcecode.c.h; path = cms.h; sourceTree = "<group>"; };
		117777461F23AE31007183D0 /* comp.h */ = {isa = PBXFileReference; fileEncoding = 4; lastKnownFileType = sourcecode.c.h; path = comp.h; sourceTree = "<group>"; };
		117777471F23AE31007183D0 /* conf.h */ = {isa = PBXFileReference; fileEncoding = 4; lastKnownFileType = sourcecode.c.h; path = conf.h; sourceTree = "<group>"; };
		117777481F23AE31007183D0 /* conf_api.h */ = {isa = PBXFileReference; fileEncoding = 4; lastKnownFileType = sourcecode.c.h; path = conf_api.h; sourceTree = "<group>"; };
		117777491F23AE31007183D0 /* crypto.h */ = {isa = PBXFileReference; fileEncoding = 4; lastKnownFileType = sourcecode.c.h; path = crypto.h; sourceTree = "<group>"; };
		1177774A1F23AE31007183D0 /* des.h */ = {isa = PBXFileReference; fileEncoding = 4; lastKnownFileType = sourcecode.c.h; path = des.h; sourceTree = "<group>"; };
		1177774B1F23AE31007183D0 /* des_old.h */ = {isa = PBXFileReference; fileEncoding = 4; lastKnownFileType = sourcecode.c.h; path = des_old.h; sourceTree = "<group>"; };
		1177774C1F23AE31007183D0 /* dh.h */ = {isa = PBXFileReference; fileEncoding = 4; lastKnownFileType = sourcecode.c.h; path = dh.h; sourceTree = "<group>"; };
		1177774D1F23AE31007183D0 /* dsa.h */ = {isa = PBXFileReference; fileEncoding = 4; lastKnownFileType = sourcecode.c.h; path = dsa.h; sourceTree = "<group>"; };
		1177774E1F23AE31007183D0 /* dso.h */ = {isa = PBXFileReference; fileEncoding = 4; lastKnownFileType = sourcecode.c.h; path = dso.h; sourceTree = "<group>"; };
		1177774F1F23AE31007183D0 /* dtls1.h */ = {isa = PBXFileReference; fileEncoding = 4; lastKnownFileType = sourcecode.c.h; path = dtls1.h; sourceTree = "<group>"; };
		117777501F23AE31007183D0 /* e_os2.h */ = {isa = PBXFileReference; fileEncoding = 4; lastKnownFileType = sourcecode.c.h; path = e_os2.h; sourceTree = "<group>"; };
		117777511F23AE31007183D0 /* ebcdic.h */ = {isa = PBXFileReference; fileEncoding = 4; lastKnownFileType = sourcecode.c.h; path = ebcdic.h; sourceTree = "<group>"; };
		117777521F23AE31007183D0 /* ec.h */ = {isa = PBXFileReference; fileEncoding = 4; lastKnownFileType = sourcecode.c.h; path = ec.h; sourceTree = "<group>"; };
		117777531F23AE31007183D0 /* ecdh.h */ = {isa = PBXFileReference; fileEncoding = 4; lastKnownFileType = sourcecode.c.h; path = ecdh.h; sourceTree = "<group>"; };
		117777541F23AE31007183D0 /* ecdsa.h */ = {isa = PBXFileReference; fileEncoding = 4; lastKnownFileType = sourcecode.c.h; path = ecdsa.h; sourceTree = "<group>"; };
		117777551F23AE31007183D0 /* engine.h */ = {isa = PBXFileReference; fileEncoding = 4; lastKnownFileType = sourcecode.c.h; path = engine.h; sourceTree = "<group>"; };
		117777561F23AE31007183D0 /* err.h */ = {isa = PBXFileReference; fileEncoding = 4; lastKnownFileType = sourcecode.c.h; path = err.h; sourceTree = "<group>"; };
		117777571F23AE31007183D0 /* evp.h */ = {isa = PBXFileReference; fileEncoding = 4; lastKnownFileType = sourcecode.c.h; path = evp.h; sourceTree = "<group>"; };
		117777581F23AE31007183D0 /* hmac.h */ = {isa = PBXFileReference; fileEncoding = 4; lastKnownFileType = sourcecode.c.h; path = hmac.h; sourceTree = "<group>"; };
		117777591F23AE31007183D0 /* idea.h */ = {isa = PBXFileReference; fileEncoding = 4; lastKnownFileType = sourcecode.c.h; path = idea.h; sourceTree = "<group>"; };
		1177775A1F23AE31007183D0 /* krb5_asn.h */ = {isa = PBXFileReference; fileEncoding = 4; lastKnownFileType = sourcecode.c.h; path = krb5_asn.h; sourceTree = "<group>"; };
		1177775B1F23AE31007183D0 /* kssl.h */ = {isa = PBXFileReference; fileEncoding = 4; lastKnownFileType = sourcecode.c.h; path = kssl.h; sourceTree = "<group>"; };
		1177775C1F23AE31007183D0 /* lhash.h */ = {isa = PBXFileReference; fileEncoding = 4; lastKnownFileType = sourcecode.c.h; path = lhash.h; sourceTree = "<group>"; };
		1177775D1F23AE31007183D0 /* md4.h */ = {isa = PBXFileReference; fileEncoding = 4; lastKnownFileType = sourcecode.c.h; path = md4.h; sourceTree = "<group>"; };
		1177775E1F23AE31007183D0 /* md5.h */ = {isa = PBXFileReference; fileEncoding = 4; lastKnownFileType = sourcecode.c.h; path = md5.h; sourceTree = "<group>"; };
		1177775F1F23AE31007183D0 /* mdc2.h */ = {isa = PBXFileReference; fileEncoding = 4; lastKnownFileType = sourcecode.c.h; path = mdc2.h; sourceTree = "<group>"; };
		117777601F23AE31007183D0 /* modes.h */ = {isa = PBXFileReference; fileEncoding = 4; lastKnownFileType = sourcecode.c.h; path = modes.h; sourceTree = "<group>"; };
		117777611F23AE31007183D0 /* obj_mac.h */ = {isa = PBXFileReference; fileEncoding = 4; lastKnownFileType = sourcecode.c.h; path = obj_mac.h; sourceTree = "<group>"; };
		117777621F23AE31007183D0 /* objects.h */ = {isa = PBXFileReference; fileEncoding = 4; lastKnownFileType = sourcecode.c.h; path = objects.h; sourceTree = "<group>"; };
		117777631F23AE31007183D0 /* ocsp.h */ = {isa = PBXFileReference; fileEncoding = 4; lastKnownFileType = sourcecode.c.h; path = ocsp.h; sourceTree = "<group>"; };
		117777641F23AE31007183D0 /* opensslconf.h */ = {isa = PBXFileReference; fileEncoding = 4; lastKnownFileType = sourcecode.c.h; path = opensslconf.h; sourceTree = "<group>"; };
		117777651F23AE31007183D0 /* opensslv.h */ = {isa = PBXFileReference; fileEncoding = 4; lastKnownFileType = sourcecode.c.h; path = opensslv.h; sourceTree = "<group>"; };
		117777661F23AE31007183D0 /* ossl_typ.h */ = {isa = PBXFileReference; fileEncoding = 4; lastKnownFileType = sourcecode.c.h; path = ossl_typ.h; sourceTree = "<group>"; };
		117777671F23AE31007183D0 /* pem.h */ = {isa = PBXFileReference; fileEncoding = 4; lastKnownFileType = sourcecode.c.h; path = pem.h; sourceTree = "<group>"; };
		117777681F23AE31007183D0 /* pem2.h */ = {isa = PBXFileReference; fileEncoding = 4; lastKnownFileType = sourcecode.c.h; path = pem2.h; sourceTree = "<group>"; };
		117777691F23AE31007183D0 /* pkcs12.h */ = {isa = PBXFileReference; fileEncoding = 4; lastKnownFileType = sourcecode.c.h; path = pkcs12.h; sourceTree = "<group>"; };
		1177776A1F23AE31007183D0 /* pkcs7.h */ = {isa = PBXFileReference; fileEncoding = 4; lastKnownFileType = sourcecode.c.h; path = pkcs7.h; sourceTree = "<group>"; };
		1177776B1F23AE31007183D0 /* pqueue.h */ = {isa = PBXFileReference; fileEncoding = 4; lastKnownFileType = sourcecode.c.h; path = pqueue.h; sourceTree = "<group>"; };
		1177776C1F23AE31007183D0 /* rand.h */ = {isa = PBXFileReference; fileEncoding = 4; lastKnownFileType = sourcecode.c.h; path = rand.h; sourceTree = "<group>"; };
		1177776D1F23AE31007183D0 /* rc2.h */ = {isa = PBXFileReference; fileEncoding = 4; lastKnownFileType = sourcecode.c.h; path = rc2.h; sourceTree = "<group>"; };
		1177776E1F23AE31007183D0 /* rc4.h */ = {isa = PBXFileReference; fileEncoding = 4; lastKnownFileType = sourcecode.c.h; path = rc4.h; sourceTree = "<group>"; };
		1177776F1F23AE31007183D0 /* ripemd.h */ = {isa = PBXFileReference; fileEncoding = 4; lastKnownFileType = sourcecode.c.h; path = ripemd.h; sourceTree = "<group>"; };
		117777701F23AE31007183D0 /* rsa.h */ = {isa = PBXFileReference; fileEncoding = 4; lastKnownFileType = sourcecode.c.h; path = rsa.h; sourceTree = "<group>"; };
		117777711F23AE31007183D0 /* safestack.h */ = {isa = PBXFileReference; fileEncoding = 4; lastKnownFileType = sourcecode.c.h; path = safestack.h; sourceTree = "<group>"; };
		117777721F23AE31007183D0 /* seed.h */ = {isa = PBXFileReference; fileEncoding = 4; lastKnownFileType = sourcecode.c.h; path = seed.h; sourceTree = "<group>"; };
		117777731F23AE31007183D0 /* sha.h */ = {isa = PBXFileReference; fileEncoding = 4; lastKnownFileType = sourcecode.c.h; path = sha.h; sourceTree = "<group>"; };
		117777741F23AE31007183D0 /* srp.h */ = {isa = PBXFileReference; fileEncoding = 4; lastKnownFileType = sourcecode.c.h; path = srp.h; sourceTree = "<group>"; };
		117777751F23AE31007183D0 /* srtp.h */ = {isa = PBXFileReference; fileEncoding = 4; lastKnownFileType = sourcecode.c.h; path = srtp.h; sourceTree = "<group>"; };
		117777761F23AE31007183D0 /* ssl.h */ = {isa = PBXFileReference; fileEncoding = 4; lastKnownFileType = sourcecode.c.h; path = ssl.h; sourceTree = "<group>"; };
		117777771F23AE31007183D0 /* ssl2.h */ = {isa = PBXFileReference; fileEncoding = 4; lastKnownFileType = sourcecode.c.h; path = ssl2.h; sourceTree = "<group>"; };
		117777781F23AE31007183D0 /* ssl23.h */ = {isa = PBXFileReference; fileEncoding = 4; lastKnownFileType = sourcecode.c.h; path = ssl23.h; sourceTree = "<group>"; };
		117777791F23AE31007183D0 /* ssl3.h */ = {isa = PBXFileReference; fileEncoding = 4; lastKnownFileType = sourcecode.c.h; path = ssl3.h; sourceTree = "<group>"; };
		1177777A1F23AE31007183D0 /* stack.h */ = {isa = PBXFileReference; fileEncoding = 4; lastKnownFileType = sourcecode.c.h; path = stack.h; sourceTree = "<group>"; };
		1177777B1F23AE31007183D0 /* symhacks.h */ = {isa = PBXFileReference; fileEncoding = 4; lastKnownFileType = sourcecode.c.h; path = symhacks.h; sourceTree = "<group>"; };
		1177777C1F23AE31007183D0 /* tls1.h */ = {isa = PBXFileReference; fileEncoding = 4; lastKnownFileType = sourcecode.c.h; path = tls1.h; sourceTree = "<group>"; };
		1177777D1F23AE31007183D0 /* ts.h */ = {isa = PBXFileReference; fileEncoding = 4; lastKnownFileType = sourcecode.c.h; path = ts.h; sourceTree = "<group>"; };
		1177777E1F23AE31007183D0 /* txt_db.h */ = {isa = PBXFileReference; fileEncoding = 4; lastKnownFileType = sourcecode.c.h; path = txt_db.h; sourceTree = "<group>"; };
		1177777F1F23AE31007183D0 /* ui.h */ = {isa = PBXFileReference; fileEncoding = 4; lastKnownFileType = sourcecode.c.h; path = ui.h; sourceTree = "<group>"; };
		117777801F23AE31007183D0 /* ui_compat.h */ = {isa = PBXFileReference; fileEncoding = 4; lastKnownFileType = sourcecode.c.h; path = ui_compat.h; sourceTree = "<group>"; };
		117777811F23AE31007183D0 /* whrlpool.h */ = {isa = PBXFileReference; fileEncoding = 4; lastKnownFileType = sourcecode.c.h; path = whrlpool.h; sourceTree = "<group>"; };
		117777821F23AE31007183D0 /* x509.h */ = {isa = PBXFileReference; fileEncoding = 4; lastKnownFileType = sourcecode.c.h; path = x509.h; sourceTree = "<group>"; };
		117777831F23AE31007183D0 /* x509_vfy.h */ = {isa = PBXFileReference; fileEncoding = 4; lastKnownFileType = sourcecode.c.h; path = x509_vfy.h; sourceTree = "<group>"; };
		117777841F23AE31007183D0 /* x509v3.h */ = {isa = PBXFileReference; fileEncoding = 4; lastKnownFileType = sourcecode.c.h; path = x509v3.h; sourceTree = "<group>"; };
		117777851F23AE31007183D0 /* Order.h */ = {isa = PBXFileReference; fileEncoding = 4; lastKnownFileType = sourcecode.c.h; path = Order.h; sourceTree = "<group>"; };
		117777861F23AE31007183D0 /* Order.m */ = {isa = PBXFileReference; fileEncoding = 4; lastKnownFileType = sourcecode.c.objc; path = Order.m; sourceTree = "<group>"; };
		117777881F23AE31007183D0 /* base64.h */ = {isa = PBXFileReference; fileEncoding = 4; lastKnownFileType = sourcecode.c.h; path = base64.h; sourceTree = "<group>"; };
		117777891F23AE31007183D0 /* base64.m */ = {isa = PBXFileReference; fileEncoding = 4; lastKnownFileType = sourcecode.c.objc; path = base64.m; sourceTree = "<group>"; };
		1177778A1F23AE31007183D0 /* config.h */ = {isa = PBXFileReference; fileEncoding = 4; lastKnownFileType = sourcecode.c.h; path = config.h; sourceTree = "<group>"; };
		1177778B1F23AE31007183D0 /* NSDataEx.h */ = {isa = PBXFileReference; fileEncoding = 4; lastKnownFileType = sourcecode.c.h; path = NSDataEx.h; sourceTree = "<group>"; };
		1177778C1F23AE31007183D0 /* NSDataEx.m */ = {isa = PBXFileReference; fileEncoding = 4; lastKnownFileType = sourcecode.c.objc; path = NSDataEx.m; sourceTree = "<group>"; };
		1177778D1F23AE31007183D0 /* openssl_wrapper.h */ = {isa = PBXFileReference; fileEncoding = 4; lastKnownFileType = sourcecode.c.h; path = openssl_wrapper.h; sourceTree = "<group>"; };
		1177778E1F23AE31007183D0 /* openssl_wrapper.m */ = {isa = PBXFileReference; fileEncoding = 4; lastKnownFileType = sourcecode.c.objc; path = openssl_wrapper.m; sourceTree = "<group>"; };
		1177778F1F23AE31007183D0 /* RSADataSigner.h */ = {isa = PBXFileReference; fileEncoding = 4; lastKnownFileType = sourcecode.c.h; path = RSADataSigner.h; sourceTree = "<group>"; };
		117777901F23AE31007183D0 /* RSADataSigner.m */ = {isa = PBXFileReference; fileEncoding = 4; lastKnownFileType = sourcecode.c.objc; path = RSADataSigner.m; sourceTree = "<group>"; };
		117777911F23AE31007183D0 /* RSADataVerifier.h */ = {isa = PBXFileReference; fileEncoding = 4; lastKnownFileType = sourcecode.c.h; path = RSADataVerifier.h; sourceTree = "<group>"; };
		117777921F23AE31007183D0 /* RSADataVerifier.m */ = {isa = PBXFileReference; fileEncoding = 4; lastKnownFileType = sourcecode.c.objc; path = RSADataVerifier.m; sourceTree = "<group>"; };
/* End PBXFileReference section */

/* Begin PBXFrameworksBuildPhase section */
		117776961F23A758007183D0 /* Frameworks */ = {
			isa = PBXFrameworksBuildPhase;
			buildActionMask = 2147483647;
			files = (
				117777341F23ABD3007183D0 /* Foundation.framework in Frameworks */,
				117777321F23ABCD007183D0 /* UIKit.framework in Frameworks */,
				117777961F23AE31007183D0 /* libssl.a in Frameworks */,
				117777301F23ABC5007183D0 /* QuartzCore.framework in Frameworks */,
				1177772E1F23ABBC007183D0 /* CoreText.framework in Frameworks */,
				1177772C1F23ABB4007183D0 /* CoreGraphics.framework in Frameworks */,
				117777941F23AE31007183D0 /* AlipaySDK.framework in Frameworks */,
				1177772A1F23ABAB007183D0 /* CoreTelephony.framework in Frameworks */,
				117777281F23ABA0007183D0 /* SystemConfiguration.framework in Frameworks */,
				117777261F23AB98007183D0 /* libz.tbd in Frameworks */,
				117777241F23AB8F007183D0 /* libc++.tbd in Frameworks */,
				117777951F23AE31007183D0 /* libcrypto.a in Frameworks */,
				117777221F23AB88007183D0 /* CFNetwork.framework in Frameworks */,
				117777201F23AB7C007183D0 /* CoreMotion.framework in Frameworks */,
			);
			runOnlyForDeploymentPostprocessing = 0;
		};
/* End PBXFrameworksBuildPhase section */

/* Begin PBXGroup section */
		117776901F23A758007183D0 = {
			isa = PBXGroup;
			children = (
				1177769B1F23A758007183D0 /* alipay_Swift3_demo */,
				1177769A1F23A758007183D0 /* Products */,
				1177771E1F23AB7C007183D0 /* Frameworks */,
			);
			sourceTree = "<group>";
		};
		1177769A1F23A758007183D0 /* Products */ = {
			isa = PBXGroup;
			children = (
				117776991F23A758007183D0 /* alipay_Swift3_demo.app */,
			);
			name = Products;
			sourceTree = "<group>";
		};
		1177769B1F23A758007183D0 /* alipay_Swift3_demo */ = {
			isa = PBXGroup;
			children = (
				1177779D1F23AEEE007183D0 /* AlipaySDK */,
				1177769C1F23A758007183D0 /* AppDelegate.swift */,
				1177769E1F23A758007183D0 /* ViewController.swift */,
				117776A01F23A758007183D0 /* Main.storyboard */,
				117776A31F23A758007183D0 /* Assets.xcassets */,
				117776A51F23A758007183D0 /* LaunchScreen.storyboard */,
				117776A81F23A758007183D0 /* Info.plist */,
				117776AE1F23A76B007183D0 /* alipay_Swift3_demo-Bridging-Header.h */,
			);
			path = alipay_Swift3_demo;
			sourceTree = "<group>";
		};
		1177771E1F23AB7C007183D0 /* Frameworks */ = {
			isa = PBXGroup;
			children = (
				117777331F23ABD3007183D0 /* Foundation.framework */,
				117777311F23ABCD007183D0 /* UIKit.framework */,
				1177772F1F23ABC5007183D0 /* QuartzCore.framework */,
				1177772D1F23ABBC007183D0 /* CoreText.framework */,
				1177772B1F23ABB4007183D0 /* CoreGraphics.framework */,
				117777291F23ABAB007183D0 /* CoreTelephony.framework */,
				117777271F23ABA0007183D0 /* SystemConfiguration.framework */,
				117777251F23AB98007183D0 /* libz.tbd */,
				117777231F23AB8F007183D0 /* libc++.tbd */,
				117777211F23AB88007183D0 /* CFNetwork.framework */,
				1177771F1F23AB7C007183D0 /* CoreMotion.framework */,
			);
			name = Frameworks;
			sourceTree = "<group>";
		};
		117777391F23AE31007183D0 /* openssl */ = {
			isa = PBXGroup;
			children = (
				1177773A1F23AE31007183D0 /* aes.h */,
				1177773B1F23AE31007183D0 /* asn1.h */,
				1177773C1F23AE31007183D0 /* asn1_mac.h */,
				1177773D1F23AE31007183D0 /* asn1t.h */,
				1177773E1F23AE31007183D0 /* bio.h */,
				1177773F1F23AE31007183D0 /* blowfish.h */,
				117777401F23AE31007183D0 /* bn.h */,
				117777411F23AE31007183D0 /* buffer.h */,
				117777421F23AE31007183D0 /* camellia.h */,
				117777431F23AE31007183D0 /* cast.h */,
				117777441F23AE31007183D0 /* cmac.h */,
				117777451F23AE31007183D0 /* cms.h */,
				117777461F23AE31007183D0 /* comp.h */,
				117777471F23AE31007183D0 /* conf.h */,
				117777481F23AE31007183D0 /* conf_api.h */,
				117777491F23AE31007183D0 /* crypto.h */,
				1177774A1F23AE31007183D0 /* des.h */,
				1177774B1F23AE31007183D0 /* des_old.h */,
				1177774C1F23AE31007183D0 /* dh.h */,
				1177774D1F23AE31007183D0 /* dsa.h */,
				1177774E1F23AE31007183D0 /* dso.h */,
				1177774F1F23AE31007183D0 /* dtls1.h */,
				117777501F23AE31007183D0 /* e_os2.h */,
				117777511F23AE31007183D0 /* ebcdic.h */,
				117777521F23AE31007183D0 /* ec.h */,
				117777531F23AE31007183D0 /* ecdh.h */,
				117777541F23AE31007183D0 /* ecdsa.h */,
				117777551F23AE31007183D0 /* engine.h */,
				117777561F23AE31007183D0 /* err.h */,
				117777571F23AE31007183D0 /* evp.h */,
				117777581F23AE31007183D0 /* hmac.h */,
				117777591F23AE31007183D0 /* idea.h */,
				1177775A1F23AE31007183D0 /* krb5_asn.h */,
				1177775B1F23AE31007183D0 /* kssl.h */,
				1177775C1F23AE31007183D0 /* lhash.h */,
				1177775D1F23AE31007183D0 /* md4.h */,
				1177775E1F23AE31007183D0 /* md5.h */,
				1177775F1F23AE31007183D0 /* mdc2.h */,
				117777601F23AE31007183D0 /* modes.h */,
				117777611F23AE31007183D0 /* obj_mac.h */,
				117777621F23AE31007183D0 /* objects.h */,
				117777631F23AE31007183D0 /* ocsp.h */,
				117777641F23AE31007183D0 /* opensslconf.h */,
				117777651F23AE31007183D0 /* opensslv.h */,
				117777661F23AE31007183D0 /* ossl_typ.h */,
				117777671F23AE31007183D0 /* pem.h */,
				117777681F23AE31007183D0 /* pem2.h */,
				117777691F23AE31007183D0 /* pkcs12.h */,
				1177776A1F23AE31007183D0 /* pkcs7.h */,
				1177776B1F23AE31007183D0 /* pqueue.h */,
				1177776C1F23AE31007183D0 /* rand.h */,
				1177776D1F23AE31007183D0 /* rc2.h */,
				1177776E1F23AE31007183D0 /* rc4.h */,
				1177776F1F23AE31007183D0 /* ripemd.h */,
				117777701F23AE31007183D0 /* rsa.h */,
				117777711F23AE31007183D0 /* safestack.h */,
				117777721F23AE31007183D0 /* seed.h */,
				117777731F23AE31007183D0 /* sha.h */,
				117777741F23AE31007183D0 /* srp.h */,
				117777751F23AE31007183D0 /* srtp.h */,
				117777761F23AE31007183D0 /* ssl.h */,
				117777771F23AE31007183D0 /* ssl2.h */,
				117777781F23AE31007183D0 /* ssl23.h */,
				117777791F23AE31007183D0 /* ssl3.h */,
				1177777A1F23AE31007183D0 /* stack.h */,
				1177777B1F23AE31007183D0 /* symhacks.h */,
				1177777C1F23AE31007183D0 /* tls1.h */,
				1177777D1F23AE31007183D0 /* ts.h */,
				1177777E1F23AE31007183D0 /* txt_db.h */,
				1177777F1F23AE31007183D0 /* ui.h */,
				117777801F23AE31007183D0 /* ui_compat.h */,
				117777811F23AE31007183D0 /* whrlpool.h */,
				117777821F23AE31007183D0 /* x509.h */,
				117777831F23AE31007183D0 /* x509_vfy.h */,
				117777841F23AE31007183D0 /* x509v3.h */,
			);
			path = openssl;
			sourceTree = "<group>";
		};
		117777871F23AE31007183D0 /* Util */ = {
			isa = PBXGroup;
			children = (
				117777881F23AE31007183D0 /* base64.h */,
				117777891F23AE31007183D0 /* base64.m */,
				1177778A1F23AE31007183D0 /* config.h */,
				1177778B1F23AE31007183D0 /* NSDataEx.h */,
				1177778C1F23AE31007183D0 /* NSDataEx.m */,
				1177778D1F23AE31007183D0 /* openssl_wrapper.h */,
				1177778E1F23AE31007183D0 /* openssl_wrapper.m */,
				1177778F1F23AE31007183D0 /* RSADataSigner.h */,
				117777901F23AE31007183D0 /* RSADataSigner.m */,
				117777911F23AE31007183D0 /* RSADataVerifier.h */,
				117777921F23AE31007183D0 /* RSADataVerifier.m */,
			);
			path = Util;
			sourceTree = "<group>";
		};
		1177779D1F23AEEE007183D0 /* AlipaySDK */ = {
			isa = PBXGroup;
			children = (
				117777851F23AE31007183D0 /* Order.h */,
				117777861F23AE31007183D0 /* Order.m */,
				117777351F23AE31007183D0 /* AlipaySDK.bundle */,
				117777361F23AE31007183D0 /* AlipaySDK.framework */,
				117777371F23AE31007183D0 /* libcrypto.a */,
				117777381F23AE31007183D0 /* libssl.a */,
				117777391F23AE31007183D0 /* openssl */,
				117777871F23AE31007183D0 /* Util */,
			);
			name = AlipaySDK;
			sourceTree = "<group>";
		};
/* End PBXGroup section */

/* Begin PBXNativeTarget section */
		117776981F23A758007183D0 /* alipay_Swift3_demo */ = {
			isa = PBXNativeTarget;
			buildConfigurationList = 117776AB1F23A758007183D0 /* Build configuration list for PBXNativeTarget "alipay_Swift3_demo" */;
			buildPhases = (
				117776951F23A758007183D0 /* Sources */,
				117776961F23A758007183D0 /* Frameworks */,
				117776971F23A758007183D0 /* Resources */,
			);
			buildRules = (
			);
			dependencies = (
			);
			name = alipay_Swift3_demo;
			productName = alipay_Swift3_demo;
			productReference = 117776991F23A758007183D0 /* alipay_Swift3_demo.app */;
			productType = "com.apple.product-type.application";
		};
/* End PBXNativeTarget section */

/* Begin PBXProject section */
		117776911F23A758007183D0 /* Project object */ = {
			isa = PBXProject;
			attributes = {
				LastSwiftUpdateCheck = 0830;
				LastUpgradeCheck = 0830;
				ORGANIZATIONNAME = "Shiang-Yu Huang";
				TargetAttributes = {
					117776981F23A758007183D0 = {
						CreatedOnToolsVersion = 8.3.2;
						DevelopmentTeam = LPH4JQ7PG5;
						LastSwiftMigration = 0830;
						ProvisioningStyle = Automatic;
					};
				};
			};
			buildConfigurationList = 117776941F23A758007183D0 /* Build configuration list for PBXProject "alipay_Swift3_demo" */;
			compatibilityVersion = "Xcode 3.2";
			developmentRegion = English;
			hasScannedForEncodings = 0;
			knownRegions = (
				en,
				Base,
			);
			mainGroup = 117776901F23A758007183D0;
			productRefGroup = 1177769A1F23A758007183D0 /* Products */;
			projectDirPath = "";
			projectRoot = "";
			targets = (
				117776981F23A758007183D0 /* alipay_Swift3_demo */,
			);
		};
/* End PBXProject section */

/* Begin PBXResourcesBuildPhase section */
		117776971F23A758007183D0 /* Resources */ = {
			isa = PBXResourcesBuildPhase;
			buildActionMask = 2147483647;
			files = (
				117776A71F23A758007183D0 /* LaunchScreen.storyboard in Resources */,
				117776A41F23A758007183D0 /* Assets.xcassets in Resources */,
				117777931F23AE31007183D0 /* AlipaySDK.bundle in Resources */,
				117776A21F23A758007183D0 /* Main.storyboard in Resources */,
			);
			runOnlyForDeploymentPostprocessing = 0;
		};
/* End PBXResourcesBuildPhase section */

/* Begin PBXSourcesBuildPhase section */
		117776951F23A758007183D0 /* Sources */ = {
			isa = PBXSourcesBuildPhase;
			buildActionMask = 2147483647;
			files = (
				1177779C1F23AE31007183D0 /* RSADataVerifier.m in Sources */,
				117777981F23AE31007183D0 /* base64.m in Sources */,
				117777991F23AE31007183D0 /* NSDataEx.m in Sources */,
				1177779A1F23AE31007183D0 /* openssl_wrapper.m in Sources */,
				117777971F23AE31007183D0 /* Order.m in Sources */,
				1177769F1F23A758007183D0 /* ViewController.swift in Sources */,
				1177779B1F23AE31007183D0 /* RSADataSigner.m in Sources */,
				1177769D1F23A758007183D0 /* AppDelegate.swift in Sources */,
			);
			runOnlyForDeploymentPostprocessing = 0;
		};
/* End PBXSourcesBuildPhase section */

/* Begin PBXVariantGroup section */
		117776A01F23A758007183D0 /* Main.storyboard */ = {
			isa = PBXVariantGroup;
			children = (
				117776A11F23A758007183D0 /* Base */,
			);
			name = Main.storyboard;
			sourceTree = "<group>";
		};
		117776A51F23A758007183D0 /* LaunchScreen.storyboard */ = {
			isa = PBXVariantGroup;
			children = (
				117776A61F23A758007183D0 /* Base */,
			);
			name = LaunchScreen.storyboard;
			sourceTree = "<group>";
		};
/* End PBXVariantGroup section */

/* Begin XCBuildConfiguration section */
		117776A91F23A758007183D0 /* Debug */ = {
			isa = XCBuildConfiguration;
			buildSettings = {
				ALWAYS_SEARCH_USER_PATHS = NO;
				CLANG_ANALYZER_NONNULL = YES;
				CLANG_ANALYZER_NUMBER_OBJECT_CONVERSION = YES_AGGRESSIVE;
				CLANG_CXX_LANGUAGE_STANDARD = "gnu++0x";
				CLANG_CXX_LIBRARY = "libc++";
				CLANG_ENABLE_MODULES = YES;
				CLANG_ENABLE_OBJC_ARC = YES;
				CLANG_WARN_BOOL_CONVERSION = YES;
				CLANG_WARN_CONSTANT_CONVERSION = YES;
				CLANG_WARN_DIRECT_OBJC_ISA_USAGE = YES_ERROR;
				CLANG_WARN_DOCUMENTATION_COMMENTS = YES;
				CLANG_WARN_EMPTY_BODY = YES;
				CLANG_WARN_ENUM_CONVERSION = YES;
				CLANG_WARN_INFINITE_RECURSION = YES;
				CLANG_WARN_INT_CONVERSION = YES;
				CLANG_WARN_OBJC_ROOT_CLASS = YES_ERROR;
				CLANG_WARN_SUSPICIOUS_MOVE = YES;
				CLANG_WARN_UNREACHABLE_CODE = YES;
				CLANG_WARN__DUPLICATE_METHOD_MATCH = YES;
				"CODE_SIGN_IDENTITY[sdk=iphoneos*]" = "iPhone Developer";
				COPY_PHASE_STRIP = NO;
				DEBUG_INFORMATION_FORMAT = dwarf;
				ENABLE_STRICT_OBJC_MSGSEND = YES;
				ENABLE_TESTABILITY = YES;
				GCC_C_LANGUAGE_STANDARD = gnu99;
				GCC_DYNAMIC_NO_PIC = NO;
				GCC_NO_COMMON_BLOCKS = YES;
				GCC_OPTIMIZATION_LEVEL = 0;
				GCC_PREPROCESSOR_DEFINITIONS = (
					"DEBUG=1",
					"$(inherited)",
				);
				GCC_WARN_64_TO_32_BIT_CONVERSION = YES;
				GCC_WARN_ABOUT_RETURN_TYPE = YES_ERROR;
				GCC_WARN_UNDECLARED_SELECTOR = YES;
				GCC_WARN_UNINITIALIZED_AUTOS = YES_AGGRESSIVE;
				GCC_WARN_UNUSED_FUNCTION = YES;
				GCC_WARN_UNUSED_VARIABLE = YES;
				IPHONEOS_DEPLOYMENT_TARGET = 10.3;
				MTL_ENABLE_DEBUG_INFO = YES;
				ONLY_ACTIVE_ARCH = YES;
				SDKROOT = iphoneos;
				SWIFT_ACTIVE_COMPILATION_CONDITIONS = DEBUG;
				SWIFT_OPTIMIZATION_LEVEL = "-Onone";
			};
			name = Debug;
		};
		117776AA1F23A758007183D0 /* Release */ = {
			isa = XCBuildConfiguration;
			buildSettings = {
				ALWAYS_SEARCH_USER_PATHS = NO;
				CLANG_ANALYZER_NONNULL = YES;
				CLANG_ANALYZER_NUMBER_OBJECT_CONVERSION = YES_AGGRESSIVE;
				CLANG_CXX_LANGUAGE_STANDARD = "gnu++0x";
				CLANG_CXX_LIBRARY = "libc++";
				CLANG_ENABLE_MODULES = YES;
				CLANG_ENABLE_OBJC_ARC = YES;
				CLANG_WARN_BOOL_CONVERSION = YES;
				CLANG_WARN_CONSTANT_CONVERSION = YES;
				CLANG_WARN_DIRECT_OBJC_ISA_USAGE = YES_ERROR;
				CLANG_WARN_DOCUMENTATION_COMMENTS = YES;
				CLANG_WARN_EMPTY_BODY = YES;
				CLANG_WARN_ENUM_CONVERSION = YES;
				CLANG_WARN_INFINITE_RECURSION = YES;
				CLANG_WARN_INT_CONVERSION = YES;
				CLANG_WARN_OBJC_ROOT_CLASS = YES_ERROR;
				CLANG_WARN_SUSPICIOUS_MOVE = YES;
				CLANG_WARN_UNREACHABLE_CODE = YES;
				CLANG_WARN__DUPLICATE_METHOD_MATCH = YES;
				"CODE_SIGN_IDENTITY[sdk=iphoneos*]" = "iPhone Developer";
				COPY_PHASE_STRIP = NO;
				DEBUG_INFORMATION_FORMAT = "dwarf-with-dsym";
				ENABLE_NS_ASSERTIONS = NO;
				ENABLE_STRICT_OBJC_MSGSEND = YES;
				GCC_C_LANGUAGE_STANDARD = gnu99;
				GCC_NO_COMMON_BLOCKS = YES;
				GCC_WARN_64_TO_32_BIT_CONVERSION = YES;
				GCC_WARN_ABOUT_RETURN_TYPE = YES_ERROR;
				GCC_WARN_UNDECLARED_SELECTOR = YES;
				GCC_WARN_UNINITIALIZED_AUTOS = YES_AGGRESSIVE;
				GCC_WARN_UNUSED_FUNCTION = YES;
				GCC_WARN_UNUSED_VARIABLE = YES;
				IPHONEOS_DEPLOYMENT_TARGET = 10.3;
				MTL_ENABLE_DEBUG_INFO = NO;
				SDKROOT = iphoneos;
				SWIFT_OPTIMIZATION_LEVEL = "-Owholemodule";
				VALIDATE_PRODUCT = YES;
			};
			name = Release;
		};
		117776AC1F23A758007183D0 /* Debug */ = {
			isa = XCBuildConfiguration;
			buildSettings = {
				ASSETCATALOG_COMPILER_APPICON_NAME = AppIcon;
				CLANG_ENABLE_MODULES = YES;
				DEVELOPMENT_TEAM = LPH4JQ7PG5;
				FRAMEWORK_SEARCH_PATHS = (
					"$(inherited)",
					"$(PROJECT_DIR)/alipay_Swift3_demo",
				);
				HEADER_SEARCH_PATHS = "\"$(SRCROOT)/alipay_Swift3_demo\"";
				INFOPLIST_FILE = alipay_Swift3_demo/Info.plist;
				LD_RUNPATH_SEARCH_PATHS = "$(inherited) @executable_path/Frameworks";
				LIBRARY_SEARCH_PATHS = (
					"$(inherited)",
					"$(PROJECT_DIR)/alipay_Swift3_demo",
				);
				PRODUCT_BUNDLE_IDENTIFIER = "com.Shiang-Yu-Huang.alipay-Swift3-demo";
				PRODUCT_NAME = "$(TARGET_NAME)";
				SWIFT_OBJC_BRIDGING_HEADER = "alipay_Swift3_demo/alipay_Swift3_demo-Bridging-Header.h";
				SWIFT_OPTIMIZATION_LEVEL = "-Onone";
				SWIFT_VERSION = 3.0;
			};
			name = Debug;
		};
		117776AD1F23A758007183D0 /* Release */ = {
			isa = XCBuildConfiguration;
			buildSettings = {
				ASSETCATALOG_COMPILER_APPICON_NAME = AppIcon;
				CLANG_ENABLE_MODULES = YES;
				DEVELOPMENT_TEAM = LPH4JQ7PG5;
				FRAMEWORK_SEARCH_PATHS = (
					"$(inherited)",
					"$(PROJECT_DIR)/alipay_Swift3_demo",
				);
				HEADER_SEARCH_PATHS = "\"$(SRCROOT)/alipay_Swift3_demo\"";
				INFOPLIST_FILE = alipay_Swift3_demo/Info.plist;
				LD_RUNPATH_SEARCH_PATHS = "$(inherited) @executable_path/Frameworks";
				LIBRARY_SEARCH_PATHS = (
					"$(inherited)",
					"$(PROJECT_DIR)/alipay_Swift3_demo",
				);
				PRODUCT_BUNDLE_IDENTIFIER = "com.Shiang-Yu-Huang.alipay-Swift3-demo";
				PRODUCT_NAME = "$(TARGET_NAME)";
				SWIFT_OBJC_BRIDGING_HEADER = "alipay_Swift3_demo/alipay_Swift3_demo-Bridging-Header.h";
				SWIFT_VERSION = 3.0;
			};
			name = Release;
		};
/* End XCBuildConfiguration section */

/* Begin XCConfigurationList section */
		117776941F23A758007183D0 /* Build configuration list for PBXProject "alipay_Swift3_demo" */ = {
			isa = XCConfigurationList;
			buildConfigurations = (
				117776A91F23A758007183D0 /* Debug */,
				117776AA1F23A758007183D0 /* Release */,
			);
			defaultConfigurationIsVisible = 0;
			defaultConfigurationName = Release;
		};
		117776AB1F23A758007183D0 /* Build configuration list for PBXNativeTarget "alipay_Swift3_demo" */ = {
			isa = XCConfigurationList;
			buildConfigurations = (
				117776AC1F23A758007183D0 /* Debug */,
				117776AD1F23A758007183D0 /* Release */,
			);
			defaultConfigurationIsVisible = 0;
			defaultConfigurationName = Release;
		};
/* End XCConfigurationList section */
	};
	rootObject = 117776911F23A758007183D0 /* Project object */;
}
